// !$*UTF8*$!
{
	archiveVersion = 1;
	classes = {
	};
	objectVersion = 46;
	objects = {

/* Begin PBXBuildFile section */
		8207877719116CAD00279840 /* slotScroll.plist in Resources */ = {isa = PBXBuildFile; fileRef = 8207877619116CAD00279840 /* slotScroll.plist */; };
		8207952C193F7422002DEEDE /* UIColor+Extensions.m in Sources */ = {isa = PBXBuildFile; fileRef = 8207952B193F7422002DEEDE /* UIColor+Extensions.m */; };
		820B86C51937DF370021DFA7 /* byBike.jpg in Resources */ = {isa = PBXBuildFile; fileRef = 820B86B91937DF370021DFA7 /* byBike.jpg */; };
		820B86C61937DF370021DFA7 /* byBike@2x.jpg in Resources */ = {isa = PBXBuildFile; fileRef = 820B86BA1937DF370021DFA7 /* byBike@2x.jpg */; };
		820B86C71937DF370021DFA7 /* byBoat.jpg in Resources */ = {isa = PBXBuildFile; fileRef = 820B86BB1937DF370021DFA7 /* byBoat.jpg */; };
		820B86C81937DF370021DFA7 /* byBoat@2x.jpg in Resources */ = {isa = PBXBuildFile; fileRef = 820B86BC1937DF370021DFA7 /* byBoat@2x.jpg */; };
		820B86C91937DF370021DFA7 /* byCar.jpg in Resources */ = {isa = PBXBuildFile; fileRef = 820B86BD1937DF370021DFA7 /* byCar.jpg */; };
		820B86CA1937DF370021DFA7 /* byCar@2x.jpg in Resources */ = {isa = PBXBuildFile; fileRef = 820B86BE1937DF370021DFA7 /* byCar@2x.jpg */; };
		820B86CB1937DF370021DFA7 /* byFoot.jpg in Resources */ = {isa = PBXBuildFile; fileRef = 820B86BF1937DF370021DFA7 /* byFoot.jpg */; };
		820B86CC1937DF370021DFA7 /* byFoot@2x.jpg in Resources */ = {isa = PBXBuildFile; fileRef = 820B86C01937DF370021DFA7 /* byFoot@2x.jpg */; };
		820B86CD1937DF370021DFA7 /* byPlane.jpg in Resources */ = {isa = PBXBuildFile; fileRef = 820B86C11937DF370021DFA7 /* byPlane.jpg */; };
		820B86CE1937DF370021DFA7 /* byPlane@2x.jpg in Resources */ = {isa = PBXBuildFile; fileRef = 820B86C21937DF370021DFA7 /* byPlane@2x.jpg */; };
		820B86CF1937DF370021DFA7 /* byRail.jpg in Resources */ = {isa = PBXBuildFile; fileRef = 820B86C31937DF370021DFA7 /* byRail.jpg */; };
		820B86D01937DF370021DFA7 /* byRail@2x.jpg in Resources */ = {isa = PBXBuildFile; fileRef = 820B86C41937DF370021DFA7 /* byRail@2x.jpg */; };
		8215D3291937839E007F40B7 /* slotmachine_skanska_360_icon_local_small@2x.png in Resources */ = {isa = PBXBuildFile; fileRef = 8215D3271937839E007F40B7 /* slotmachine_skanska_360_icon_local_small@2x.png */; };
		8215D32A1937839E007F40B7 /* slotmachine_skanska_360_icon_local_small.png in Resources */ = {isa = PBXBuildFile; fileRef = 8215D3281937839E007F40B7 /* slotmachine_skanska_360_icon_local_small.png */; };
		821A46F01919638C00C5CF3D /* car_dup.jpg in Resources */ = {isa = PBXBuildFile; fileRef = 821A46D71919638C00C5CF3D /* car_dup.jpg */; };
		821A46F11919638C00C5CF3D /* bike.jpg in Resources */ = {isa = PBXBuildFile; fileRef = 821A46D81919638C00C5CF3D /* bike.jpg */; };
		821A46FB1919638C00C5CF3D /* plane.jpg in Resources */ = {isa = PBXBuildFile; fileRef = 821A46E21919638C00C5CF3D /* plane.jpg */; };
		821A46FC1919638C00C5CF3D /* Boat.jpg in Resources */ = {isa = PBXBuildFile; fileRef = 821A46E31919638C00C5CF3D /* Boat.jpg */; };
		821A47051919638C00C5CF3D /* foot.jpg in Resources */ = {isa = PBXBuildFile; fileRef = 821A46EC1919638C00C5CF3D /* foot.jpg */; };
		821A47071919638C00C5CF3D /* car.jpg in Resources */ = {isa = PBXBuildFile; fileRef = 821A46EE1919638C00C5CF3D /* car.jpg */; };
		822211A51937C4F5008EFA89 /* foot_dup.jpg in Resources */ = {isa = PBXBuildFile; fileRef = 822211A41937C4F5008EFA89 /* foot_dup.jpg */; };
		822211AA1937C9DD008EFA89 /* slotmachine_surroundings_getting_bg_center.png in Resources */ = {isa = PBXBuildFile; fileRef = 822211A61937C9DD008EFA89 /* slotmachine_surroundings_getting_bg_center.png */; };
		822211AB1937C9DD008EFA89 /* slotmachine_surroundings_getting_bg_center@2x.png in Resources */ = {isa = PBXBuildFile; fileRef = 822211A71937C9DD008EFA89 /* slotmachine_surroundings_getting_bg_center@2x.png */; };
		822211AC1937C9DD008EFA89 /* slotmachine_surroundings_getting_bg_leftright.png in Resources */ = {isa = PBXBuildFile; fileRef = 822211A81937C9DD008EFA89 /* slotmachine_surroundings_getting_bg_leftright.png */; };
		822211AD1937C9DD008EFA89 /* slotmachine_surroundings_getting_bg_leftright@2x.png in Resources */ = {isa = PBXBuildFile; fileRef = 822211A91937C9DD008EFA89 /* slotmachine_surroundings_getting_bg_leftright@2x.png */; };
		8247BCE719376E7700A2AB80 /* slotmachine_skanska_360_bg_center.png in Resources */ = {isa = PBXBuildFile; fileRef = 8247BCCB19376E7700A2AB80 /* slotmachine_skanska_360_bg_center.png */; };
		8247BCE819376E7700A2AB80 /* slotmachine_skanska_360_bg_center@2x.png in Resources */ = {isa = PBXBuildFile; fileRef = 8247BCCC19376E7700A2AB80 /* slotmachine_skanska_360_bg_center@2x.png */; };
		8247BCE919376E7700A2AB80 /* slotmachine_skanska_360_bg_left.png in Resources */ = {isa = PBXBuildFile; fileRef = 8247BCCD19376E7700A2AB80 /* slotmachine_skanska_360_bg_left.png */; };
		8247BCEA19376E7700A2AB80 /* slotmachine_skanska_360_bg_left@2x.png in Resources */ = {isa = PBXBuildFile; fileRef = 8247BCCE19376E7700A2AB80 /* slotmachine_skanska_360_bg_left@2x.png */; };
		8247BCEB19376E7700A2AB80 /* slotmachine_skanska_360_bg_right.png in Resources */ = {isa = PBXBuildFile; fileRef = 8247BCCF19376E7700A2AB80 /* slotmachine_skanska_360_bg_right.png */; };
		8247BCEC19376E7700A2AB80 /* slotmachine_skanska_360_bg_right@2x.png in Resources */ = {isa = PBXBuildFile; fileRef = 8247BCD019376E7700A2AB80 /* slotmachine_skanska_360_bg_right@2x.png */; };
		8247BCED19376E7700A2AB80 /* slotmachine_skanska_360_button_down.png in Resources */ = {isa = PBXBuildFile; fileRef = 8247BCD119376E7700A2AB80 /* slotmachine_skanska_360_button_down.png */; };
		8247BCEE19376E7700A2AB80 /* slotmachine_skanska_360_button_down@2x.png in Resources */ = {isa = PBXBuildFile; fileRef = 8247BCD219376E7700A2AB80 /* slotmachine_skanska_360_button_down@2x.png */; };
		8247BCEF19376E7700A2AB80 /* slotmachine_skanska_360_button_up.png in Resources */ = {isa = PBXBuildFile; fileRef = 8247BCD319376E7700A2AB80 /* slotmachine_skanska_360_button_up.png */; };
		8247BCF019376E7700A2AB80 /* slotmachine_skanska_360_button_up@2x.png in Resources */ = {isa = PBXBuildFile; fileRef = 8247BCD419376E7700A2AB80 /* slotmachine_skanska_360_button_up@2x.png */; };
		8247BCF119376E7700A2AB80 /* slotmachine_skanska_360_icon_local.png in Resources */ = {isa = PBXBuildFile; fileRef = 8247BCD519376E7700A2AB80 /* slotmachine_skanska_360_icon_local.png */; };
		8247BCF219376E7700A2AB80 /* slotmachine_skanska_360_icon_local@2x.png in Resources */ = {isa = PBXBuildFile; fileRef = 8247BCD619376E7700A2AB80 /* slotmachine_skanska_360_icon_local@2x.png */; };
		8247BCF319376E7700A2AB80 /* slotmachine_skanska_360_icon_self.png in Resources */ = {isa = PBXBuildFile; fileRef = 8247BCD719376E7700A2AB80 /* slotmachine_skanska_360_icon_self.png */; };
		8247BCF419376E7700A2AB80 /* slotmachine_skanska_360_icon_self@2x.png in Resources */ = {isa = PBXBuildFile; fileRef = 8247BCD819376E7700A2AB80 /* slotmachine_skanska_360_icon_self@2x.png */; };
		8247BCF519376E7700A2AB80 /* slotmachine_skanska_360_icon_world.png in Resources */ = {isa = PBXBuildFile; fileRef = 8247BCD919376E7700A2AB80 /* slotmachine_skanska_360_icon_world.png */; };
		8247BCF619376E7700A2AB80 /* slotmachine_skanska_360_icon_world@2x.png in Resources */ = {isa = PBXBuildFile; fileRef = 8247BCDA19376E7700A2AB80 /* slotmachine_skanska_360_icon_world@2x.png */; };
		824C246E192CE5760070A6AC /* menuWithIndicator.m in Sources */ = {isa = PBXBuildFile; fileRef = 824C246D192CE5760070A6AC /* menuWithIndicator.m */; };
		826AE92E19094DCD006A689B /* Foundation.framework in Frameworks */ = {isa = PBXBuildFile; fileRef = 826AE92D19094DCD006A689B /* Foundation.framework */; };
		826AE93019094DCD006A689B /* CoreGraphics.framework in Frameworks */ = {isa = PBXBuildFile; fileRef = 826AE92F19094DCD006A689B /* CoreGraphics.framework */; };
		826AE93219094DCD006A689B /* UIKit.framework in Frameworks */ = {isa = PBXBuildFile; fileRef = 826AE93119094DCD006A689B /* UIKit.framework */; };
		826AE93819094DCD006A689B /* InfoPlist.strings in Resources */ = {isa = PBXBuildFile; fileRef = 826AE93619094DCD006A689B /* InfoPlist.strings */; };
		826AE93A19094DCD006A689B /* main.m in Sources */ = {isa = PBXBuildFile; fileRef = 826AE93919094DCD006A689B /* main.m */; };
		826AE93E19094DCD006A689B /* AppDelegate.m in Sources */ = {isa = PBXBuildFile; fileRef = 826AE93D19094DCD006A689B /* AppDelegate.m */; };
		826AE94119094DCD006A689B /* Main.storyboard in Resources */ = {isa = PBXBuildFile; fileRef = 826AE93F19094DCD006A689B /* Main.storyboard */; };
		826AE94419094DCD006A689B /* ViewController.m in Sources */ = {isa = PBXBuildFile; fileRef = 826AE94319094DCD006A689B /* ViewController.m */; };
		826AE94619094DCD006A689B /* Images.xcassets in Resources */ = {isa = PBXBuildFile; fileRef = 826AE94519094DCD006A689B /* Images.xcassets */; };
		826AE94D19094DCD006A689B /* XCTest.framework in Frameworks */ = {isa = PBXBuildFile; fileRef = 826AE94C19094DCD006A689B /* XCTest.framework */; };
		826AE94E19094DCD006A689B /* Foundation.framework in Frameworks */ = {isa = PBXBuildFile; fileRef = 826AE92D19094DCD006A689B /* Foundation.framework */; };
		826AE94F19094DCD006A689B /* UIKit.framework in Frameworks */ = {isa = PBXBuildFile; fileRef = 826AE93119094DCD006A689B /* UIKit.framework */; };
		826AE95719094DCD006A689B /* InfoPlist.strings in Resources */ = {isa = PBXBuildFile; fileRef = 826AE95519094DCD006A689B /* InfoPlist.strings */; };
		826AE95919094DCD006A689B /* xh_slotSlideViewTests.m in Sources */ = {isa = PBXBuildFile; fileRef = 826AE95819094DCD006A689B /* xh_slotSlideViewTests.m */; };
		826AE96419095254006A689B /* xh_slotScrollView.m in Sources */ = {isa = PBXBuildFile; fileRef = 826AE96319095254006A689B /* xh_slotScrollView.m */; };
		826AE968190963A6006A689B /* fpo_tmp.jpg in Resources */ = {isa = PBXBuildFile; fileRef = 826AE965190963A6006A689B /* fpo_tmp.jpg */; };
		826AE96A190963A6006A689B /* pdf_tmp.jpg in Resources */ = {isa = PBXBuildFile; fileRef = 826AE967190963A6006A689B /* pdf_tmp.jpg */; };
		828CFAC7191BDF0B009888D7 /* T.jpg in Resources */ = {isa = PBXBuildFile; fileRef = 828CFAC6191BDF0B009888D7 /* T.jpg */; };
		829BAF0A1937A89600B3F1BF /* grfx_location_slot_bg.jpg in Resources */ = {isa = PBXBuildFile; fileRef = 829BAF081937A89600B3F1BF /* grfx_location_slot_bg.jpg */; };
		829BAF0B1937A89600B3F1BF /* grfx_location_slot_bg@2x.jpg in Resources */ = {isa = PBXBuildFile; fileRef = 829BAF091937A89600B3F1BF /* grfx_location_slot_bg@2x.jpg */; };
		829BAF9A1937BB8000B3F1BF /* slotmachine_surroundings_getting_button_down.png in Resources */ = {isa = PBXBuildFile; fileRef = 829BAF721937BB8000B3F1BF /* slotmachine_surroundings_getting_button_down.png */; };
		829BAF9B1937BB8000B3F1BF /* slotmachine_surroundings_getting_button_down@2x.png in Resources */ = {isa = PBXBuildFile; fileRef = 829BAF731937BB8000B3F1BF /* slotmachine_surroundings_getting_button_down@2x.png */; };
		829BAF9C1937BB8000B3F1BF /* slotmachine_surroundings_getting_button_up.png in Resources */ = {isa = PBXBuildFile; fileRef = 829BAF741937BB8000B3F1BF /* slotmachine_surroundings_getting_button_up.png */; };
		829BAF9D1937BB8000B3F1BF /* slotmachine_surroundings_getting_button_up@2x.png in Resources */ = {isa = PBXBuildFile; fileRef = 829BAF751937BB8000B3F1BF /* slotmachine_surroundings_getting_button_up@2x.png */; };
		829BAF9E1937BB8000B3F1BF /* slotmachine_surroundings_getting_icon_bike.png in Resources */ = {isa = PBXBuildFile; fileRef = 829BAF761937BB8000B3F1BF /* slotmachine_surroundings_getting_icon_bike.png */; };
		829BAF9F1937BB8000B3F1BF /* slotmachine_surroundings_getting_icon_bike@2x.png in Resources */ = {isa = PBXBuildFile; fileRef = 829BAF771937BB8000B3F1BF /* slotmachine_surroundings_getting_icon_bike@2x.png */; };
		829BAFA01937BB8000B3F1BF /* slotmachine_surroundings_getting_icon_car.png in Resources */ = {isa = PBXBuildFile; fileRef = 829BAF781937BB8000B3F1BF /* slotmachine_surroundings_getting_icon_car.png */; };
		829BAFA11937BB8000B3F1BF /* slotmachine_surroundings_getting_icon_car@2x.png in Resources */ = {isa = PBXBuildFile; fileRef = 829BAF791937BB8000B3F1BF /* slotmachine_surroundings_getting_icon_car@2x.png */; };
		829BAFA21937BB8000B3F1BF /* slotmachine_surroundings_getting_icon_ferry.png in Resources */ = {isa = PBXBuildFile; fileRef = 829BAF7A1937BB8000B3F1BF /* slotmachine_surroundings_getting_icon_ferry.png */; };
		829BAFA31937BB8000B3F1BF /* slotmachine_surroundings_getting_icon_ferry@2x.png in Resources */ = {isa = PBXBuildFile; fileRef = 829BAF7B1937BB8000B3F1BF /* slotmachine_surroundings_getting_icon_ferry@2x.png */; };
		829BAFA41937BB8000B3F1BF /* slotmachine_surroundings_getting_icon_foot.png in Resources */ = {isa = PBXBuildFile; fileRef = 829BAF7C1937BB8000B3F1BF /* slotmachine_surroundings_getting_icon_foot.png */; };
		829BAFA51937BB8000B3F1BF /* slotmachine_surroundings_getting_icon_foot@2x.png in Resources */ = {isa = PBXBuildFile; fileRef = 829BAF7D1937BB8000B3F1BF /* slotmachine_surroundings_getting_icon_foot@2x.png */; };
		829BAFA61937BB8000B3F1BF /* slotmachine_surroundings_getting_icon_plane.png in Resources */ = {isa = PBXBuildFile; fileRef = 829BAF7E1937BB8000B3F1BF /* slotmachine_surroundings_getting_icon_plane.png */; };
		829BAFA71937BB8000B3F1BF /* slotmachine_surroundings_getting_icon_plane@2x.png in Resources */ = {isa = PBXBuildFile; fileRef = 829BAF7F1937BB8000B3F1BF /* slotmachine_surroundings_getting_icon_plane@2x.png */; };
		829BAFA81937BB8000B3F1BF /* slotmachine_surroundings_getting_icon_t.png in Resources */ = {isa = PBXBuildFile; fileRef = 829BAF801937BB8000B3F1BF /* slotmachine_surroundings_getting_icon_t.png */; };
		829BAFA91937BB8000B3F1BF /* slotmachine_surroundings_getting_icon_t@2x.png in Resources */ = {isa = PBXBuildFile; fileRef = 829BAF811937BB8000B3F1BF /* slotmachine_surroundings_getting_icon_t@2x.png */; };
		829BAFAA1937BB8000B3F1BF /* slotmachine_surroundings_getting_nav2_bike_icon_off.png in Resources */ = {isa = PBXBuildFile; fileRef = 829BAF821937BB8000B3F1BF /* slotmachine_surroundings_getting_nav2_bike_icon_off.png */; };
		829BAFAB1937BB8000B3F1BF /* slotmachine_surroundings_getting_nav2_bike_icon_off@2x.png in Resources */ = {isa = PBXBuildFile; fileRef = 829BAF831937BB8000B3F1BF /* slotmachine_surroundings_getting_nav2_bike_icon_off@2x.png */; };
		829BAFAC1937BB8000B3F1BF /* slotmachine_surroundings_getting_nav2_bike_icon_on.png in Resources */ = {isa = PBXBuildFile; fileRef = 829BAF841937BB8000B3F1BF /* slotmachine_surroundings_getting_nav2_bike_icon_on.png */; };
		829BAFAD1937BB8000B3F1BF /* slotmachine_surroundings_getting_nav2_bike_icon_on@2x.png in Resources */ = {isa = PBXBuildFile; fileRef = 829BAF851937BB8000B3F1BF /* slotmachine_surroundings_getting_nav2_bike_icon_on@2x.png */; };
		829BAFAE1937BB8000B3F1BF /* slotmachine_surroundings_getting_nav2_car_icon_off.png in Resources */ = {isa = PBXBuildFile; fileRef = 829BAF861937BB8000B3F1BF /* slotmachine_surroundings_getting_nav2_car_icon_off.png */; };
		829BAFAF1937BB8000B3F1BF /* slotmachine_surroundings_getting_nav2_car_icon_off@2x.png in Resources */ = {isa = PBXBuildFile; fileRef = 829BAF871937BB8000B3F1BF /* slotmachine_surroundings_getting_nav2_car_icon_off@2x.png */; };
		829BAFB01937BB8000B3F1BF /* slotmachine_surroundings_getting_nav2_car_icon_on.png in Resources */ = {isa = PBXBuildFile; fileRef = 829BAF881937BB8000B3F1BF /* slotmachine_surroundings_getting_nav2_car_icon_on.png */; };
		829BAFB11937BB8000B3F1BF /* slotmachine_surroundings_getting_nav2_car_icon_on@2x.png in Resources */ = {isa = PBXBuildFile; fileRef = 829BAF891937BB8000B3F1BF /* slotmachine_surroundings_getting_nav2_car_icon_on@2x.png */; };
		829BAFB21937BB8000B3F1BF /* slotmachine_surroundings_getting_nav2_ferry_icon_off.png in Resources */ = {isa = PBXBuildFile; fileRef = 829BAF8A1937BB8000B3F1BF /* slotmachine_surroundings_getting_nav2_ferry_icon_off.png */; };
		829BAFB31937BB8000B3F1BF /* slotmachine_surroundings_getting_nav2_ferry_icon_off@2x.png in Resources */ = {isa = PBXBuildFile; fileRef = 829BAF8B1937BB8000B3F1BF /* slotmachine_surroundings_getting_nav2_ferry_icon_off@2x.png */; };
		829BAFB41937BB8000B3F1BF /* slotmachine_surroundings_getting_nav2_ferry_icon_on.png in Resources */ = {isa = PBXBuildFile; fileRef = 829BAF8C1937BB8000B3F1BF /* slotmachine_surroundings_getting_nav2_ferry_icon_on.png */; };
		829BAFB51937BB8000B3F1BF /* slotmachine_surroundings_getting_nav2_ferry_icon_on@2x.png in Resources */ = {isa = PBXBuildFile; fileRef = 829BAF8D1937BB8000B3F1BF /* slotmachine_surroundings_getting_nav2_ferry_icon_on@2x.png */; };
		829BAFB61937BB8000B3F1BF /* slotmachine_surroundings_getting_nav2_foot_icon_on.png in Resources */ = {isa = PBXBuildFile; fileRef = 829BAF8E1937BB8000B3F1BF /* slotmachine_surroundings_getting_nav2_foot_icon_on.png */; };
		829BAFB71937BB8000B3F1BF /* slotmachine_surroundings_getting_nav2_foot_icon_on@2x.png in Resources */ = {isa = PBXBuildFile; fileRef = 829BAF8F1937BB8000B3F1BF /* slotmachine_surroundings_getting_nav2_foot_icon_on@2x.png */; };
		829BAFB81937BB8000B3F1BF /* slotmachine_surroundings_getting_nav2_foot_off.png in Resources */ = {isa = PBXBuildFile; fileRef = 829BAF901937BB8000B3F1BF /* slotmachine_surroundings_getting_nav2_foot_off.png */; };
		829BAFB91937BB8000B3F1BF /* slotmachine_surroundings_getting_nav2_foot_off@2x.png in Resources */ = {isa = PBXBuildFile; fileRef = 829BAF911937BB8000B3F1BF /* slotmachine_surroundings_getting_nav2_foot_off@2x.png */; };
		829BAFBA1937BB8000B3F1BF /* slotmachine_surroundings_getting_nav2_plane_icon_off.png in Resources */ = {isa = PBXBuildFile; fileRef = 829BAF921937BB8000B3F1BF /* slotmachine_surroundings_getting_nav2_plane_icon_off.png */; };
		829BAFBB1937BB8000B3F1BF /* slotmachine_surroundings_getting_nav2_plane_icon_off@2x.png in Resources */ = {isa = PBXBuildFile; fileRef = 829BAF931937BB8000B3F1BF /* slotmachine_surroundings_getting_nav2_plane_icon_off@2x.png */; };
		829BAFBC1937BB8000B3F1BF /* slotmachine_surroundings_getting_nav2_plane_icon_on.png in Resources */ = {isa = PBXBuildFile; fileRef = 829BAF941937BB8000B3F1BF /* slotmachine_surroundings_getting_nav2_plane_icon_on.png */; };
		829BAFBD1937BB8000B3F1BF /* slotmachine_surroundings_getting_nav2_plane_icon_on@2x.png in Resources */ = {isa = PBXBuildFile; fileRef = 829BAF951937BB8000B3F1BF /* slotmachine_surroundings_getting_nav2_plane_icon_on@2x.png */; };
		829BAFBE1937BB8000B3F1BF /* slotmachine_surroundings_getting_nav2_T_icon_off.png in Resources */ = {isa = PBXBuildFile; fileRef = 829BAF961937BB8000B3F1BF /* slotmachine_surroundings_getting_nav2_T_icon_off.png */; };
		829BAFBF1937BB8000B3F1BF /* slotmachine_surroundings_getting_nav2_T_icon_off@2x.png in Resources */ = {isa = PBXBuildFile; fileRef = 829BAF971937BB8000B3F1BF /* slotmachine_surroundings_getting_nav2_T_icon_off@2x.png */; };
		829BAFC01937BB8000B3F1BF /* slotmachine_surroundings_getting_nav2_T_icon_on.png in Resources */ = {isa = PBXBuildFile; fileRef = 829BAF981937BB8000B3F1BF /* slotmachine_surroundings_getting_nav2_T_icon_on.png */; };
		829BAFC11937BB8000B3F1BF /* slotmachine_surroundings_getting_nav2_T_icon_on@2x.png in Resources */ = {isa = PBXBuildFile; fileRef = 829BAF991937BB8000B3F1BF /* slotmachine_surroundings_getting_nav2_T_icon_on@2x.png */; };
		82B0917D19362C220083B151 /* xh_slotUIView.m in Sources */ = {isa = PBXBuildFile; fileRef = 82B0917C19362C220083B151 /* xh_slotUIView.m */; };
		82B0917F1936311C0083B151 /* slotUIView.plist in Resources */ = {isa = PBXBuildFile; fileRef = 82B0917E1936311C0083B151 /* slotUIView.plist */; };
		82B09182193639780083B151 /* skaskaViewController.m in Sources */ = {isa = PBXBuildFile; fileRef = 82B09181193639780083B151 /* skaskaViewController.m */; };
		82B09185193639880083B151 /* locationViewController.m in Sources */ = {isa = PBXBuildFile; fileRef = 82B09184193639880083B151 /* locationViewController.m */; };
		82C352A6192D3747005D0D3A /* movie_tmp.jpg in Resources */ = {isa = PBXBuildFile; fileRef = 82C352A1192D3747005D0D3A /* movie_tmp.jpg */; };
		82E209E41912CC3400D7BDEC /* embBlockViewController.m in Sources */ = {isa = PBXBuildFile; fileRef = 82E209D61912CC3400D7BDEC /* embBlockViewController.m */; };
		82E209E51912CC3400D7BDEC /* embDrawPath.m in Sources */ = {isa = PBXBuildFile; fileRef = 82E209D81912CC3400D7BDEC /* embDrawPath.m */; };
		82E209E61912CC3400D7BDEC /* embMorphTwoPaths.m in Sources */ = {isa = PBXBuildFile; fileRef = 82E209DA1912CC3400D7BDEC /* embMorphTwoPaths.m */; };
		82E209E71912CC3400D7BDEC /* embOverlayScrollView.m in Sources */ = {isa = PBXBuildFile; fileRef = 82E209DC1912CC3400D7BDEC /* embOverlayScrollView.m */; };
		82E209E81912CC3400D7BDEC /* embPVCBaseViewController.m in Sources */ = {isa = PBXBuildFile; fileRef = 82E209DE1912CC3400D7BDEC /* embPVCBaseViewController.m */; };
		82E209E91912CC3400D7BDEC /* embPVCModelController.m in Sources */ = {isa = PBXBuildFile; fileRef = 82E209E01912CC3400D7BDEC /* embPVCModelController.m */; };
		82E209EA1912CC3400D7BDEC /* embPVCRootViewController.m in Sources */ = {isa = PBXBuildFile; fileRef = 82E209E21912CC3400D7BDEC /* embPVCRootViewController.m */; };
		82E209EB1912CC3400D7BDEC /* Fenway.storyboard in Resources */ = {isa = PBXBuildFile; fileRef = 82E209E31912CC3400D7BDEC /* Fenway.storyboard */; };
		82E209F31912CC5A00D7BDEC /* blockpaths.plist in Resources */ = {isa = PBXBuildFile; fileRef = 82E209ED1912CC5A00D7BDEC /* blockpaths.plist */; };
		82E209F41912CC5A00D7BDEC /* fenway_panel.plist in Resources */ = {isa = PBXBuildFile; fileRef = 82E209EE1912CC5A00D7BDEC /* fenway_panel.plist */; };
		82E209F51912CC5A00D7BDEC /* images.plist in Resources */ = {isa = PBXBuildFile; fileRef = 82E209EF1912CC5A00D7BDEC /* images.plist */; };
		82E209F61912CC5A00D7BDEC /* panel_fenway.plist in Resources */ = {isa = PBXBuildFile; fileRef = 82E209F01912CC5A00D7BDEC /* panel_fenway.plist */; };
		82E209F71912CC5A00D7BDEC /* panel_images.plist in Resources */ = {isa = PBXBuildFile; fileRef = 82E209F11912CC5A00D7BDEC /* panel_images.plist */; };
		82E209F81912CC5A00D7BDEC /* titles.plist in Resources */ = {isa = PBXBuildFile; fileRef = 82E209F21912CC5A00D7BDEC /* titles.plist */; };
		82E209FD1912CD0000D7BDEC /* embBezierItem.m in Sources */ = {isa = PBXBuildFile; fileRef = 82E209FA1912CD0000D7BDEC /* embBezierItem.m */; };
		82E209FE1912CD0000D7BDEC /* embDrawBezierPath.m in Sources */ = {isa = PBXBuildFile; fileRef = 82E209FC1912CD0000D7BDEC /* embDrawBezierPath.m */; };
		82E20A011912CD2400D7BDEC /* embFenwayBlockPaths.m in Sources */ = {isa = PBXBuildFile; fileRef = 82E20A001912CD2400D7BDEC /* embFenwayBlockPaths.m */; };
		82E20A041912CD3C00D7BDEC /* embBezierPathItem.m in Sources */ = {isa = PBXBuildFile; fileRef = 82E20A031912CD3C00D7BDEC /* embBezierPathItem.m */; };
		82F42EB11938B61B0056E9E4 /* slotmachine_surroundings_getting_button_back.png in Resources */ = {isa = PBXBuildFile; fileRef = 82F42EAF1938B6150056E9E4 /* slotmachine_surroundings_getting_button_back.png */; };
		82F42EB21938B61D0056E9E4 /* slotmachine_surroundings_getting_button_back@2x.png in Resources */ = {isa = PBXBuildFile; fileRef = 82F42EB01938B6150056E9E4 /* slotmachine_surroundings_getting_button_back@2x.png */; };
		82F42EBB1938C32E0056E9E4 /* bike@2x.jpg in Resources */ = {isa = PBXBuildFile; fileRef = 82F42EB31938C32E0056E9E4 /* bike@2x.jpg */; };
		82F42EBC1938C32E0056E9E4 /* Boat@2x.jpg in Resources */ = {isa = PBXBuildFile; fileRef = 82F42EB41938C32E0056E9E4 /* Boat@2x.jpg */; };
		82F42EBD1938C32E0056E9E4 /* car_dup@2x.jpg in Resources */ = {isa = PBXBuildFile; fileRef = 82F42EB51938C32E0056E9E4 /* car_dup@2x.jpg */; };
		82F42EBE1938C32E0056E9E4 /* car@2x.jpg in Resources */ = {isa = PBXBuildFile; fileRef = 82F42EB61938C32E0056E9E4 /* car@2x.jpg */; };
		82F42EBF1938C32E0056E9E4 /* foot_dup@2x.jpg in Resources */ = {isa = PBXBuildFile; fileRef = 82F42EB71938C32E0056E9E4 /* foot_dup@2x.jpg */; };
		82F42EC01938C32E0056E9E4 /* foot@2x.jpg in Resources */ = {isa = PBXBuildFile; fileRef = 82F42EB81938C32E0056E9E4 /* foot@2x.jpg */; };
		82F42EC11938C32E0056E9E4 /* plane@2x.jpg in Resources */ = {isa = PBXBuildFile; fileRef = 82F42EB91938C32E0056E9E4 /* plane@2x.jpg */; };
		82F42EC21938C32E0056E9E4 /* T@2x.jpg in Resources */ = {isa = PBXBuildFile; fileRef = 82F42EBA1938C32E0056E9E4 /* T@2x.jpg */; };
/* End PBXBuildFile section */

/* Begin PBXContainerItemProxy section */
		826AE95019094DCD006A689B /* PBXContainerItemProxy */ = {
			isa = PBXContainerItemProxy;
			containerPortal = 826AE92219094DCD006A689B /* Project object */;
			proxyType = 1;
			remoteGlobalIDString = 826AE92919094DCD006A689B;
			remoteInfo = xh_slotSlideView;
		};
/* End PBXContainerItemProxy section */

/* Begin PBXFileReference section */
		8207877619116CAD00279840 /* slotScroll.plist */ = {isa = PBXFileReference; fileEncoding = 4; lastKnownFileType = text.plist.xml; path = slotScroll.plist; sourceTree = "<group>"; };
		8207952A193F7422002DEEDE /* UIColor+Extensions.h */ = {isa = PBXFileReference; fileEncoding = 4; lastKnownFileType = sourcecode.c.h; path = "UIColor+Extensions.h"; sourceTree = "<group>"; };
		8207952B193F7422002DEEDE /* UIColor+Extensions.m */ = {isa = PBXFileReference; fileEncoding = 4; lastKnownFileType = sourcecode.c.objc; path = "UIColor+Extensions.m"; sourceTree = "<group>"; };
		820B86B91937DF370021DFA7 /* byBike.jpg */ = {isa = PBXFileReference; lastKnownFileType = image.jpeg; path = byBike.jpg; sourceTree = "<group>"; };
		820B86BA1937DF370021DFA7 /* byBike@2x.jpg */ = {isa = PBXFileReference; lastKnownFileType = image.jpeg; path = "byBike@2x.jpg"; sourceTree = "<group>"; };
		820B86BB1937DF370021DFA7 /* byBoat.jpg */ = {isa = PBXFileReference; lastKnownFileType = image.jpeg; path = byBoat.jpg; sourceTree = "<group>"; };
		820B86BC1937DF370021DFA7 /* byBoat@2x.jpg */ = {isa = PBXFileReference; lastKnownFileType = image.jpeg; path = "byBoat@2x.jpg"; sourceTree = "<group>"; };
		820B86BD1937DF370021DFA7 /* byCar.jpg */ = {isa = PBXFileReference; lastKnownFileType = image.jpeg; path = byCar.jpg; sourceTree = "<group>"; };
		820B86BE1937DF370021DFA7 /* byCar@2x.jpg */ = {isa = PBXFileReference; lastKnownFileType = image.jpeg; path = "byCar@2x.jpg"; sourceTree = "<group>"; };
		820B86BF1937DF370021DFA7 /* byFoot.jpg */ = {isa = PBXFileReference; lastKnownFileType = image.jpeg; path = byFoot.jpg; sourceTree = "<group>"; };
		820B86C01937DF370021DFA7 /* byFoot@2x.jpg */ = {isa = PBXFileReference; lastKnownFileType = image.jpeg; path = "byFoot@2x.jpg"; sourceTree = "<group>"; };
		820B86C11937DF370021DFA7 /* byPlane.jpg */ = {isa = PBXFileReference; lastKnownFileType = image.jpeg; path = byPlane.jpg; sourceTree = "<group>"; };
		820B86C21937DF370021DFA7 /* byPlane@2x.jpg */ = {isa = PBXFileReference; lastKnownFileType = image.jpeg; path = "byPlane@2x.jpg"; sourceTree = "<group>"; };
		820B86C31937DF370021DFA7 /* byRail.jpg */ = {isa = PBXFileReference; lastKnownFileType = image.jpeg; path = byRail.jpg; sourceTree = "<group>"; };
		820B86C41937DF370021DFA7 /* byRail@2x.jpg */ = {isa = PBXFileReference; lastKnownFileType = image.jpeg; path = "byRail@2x.jpg"; sourceTree = "<group>"; };
		8215D3271937839E007F40B7 /* slotmachine_skanska_360_icon_local_small@2x.png */ = {isa = PBXFileReference; lastKnownFileType = image.png; path = "slotmachine_skanska_360_icon_local_small@2x.png"; sourceTree = "<group>"; };
		8215D3281937839E007F40B7 /* slotmachine_skanska_360_icon_local_small.png */ = {isa = PBXFileReference; lastKnownFileType = image.png; path = slotmachine_skanska_360_icon_local_small.png; sourceTree = "<group>"; };
		821A46D71919638C00C5CF3D /* car_dup.jpg */ = {isa = PBXFileReference; lastKnownFileType = image.jpeg; path = car_dup.jpg; sourceTree = "<group>"; };
		821A46D81919638C00C5CF3D /* bike.jpg */ = {isa = PBXFileReference; lastKnownFileType = image.jpeg; path = bike.jpg; sourceTree = "<group>"; };
		821A46E21919638C00C5CF3D /* plane.jpg */ = {isa = PBXFileReference; lastKnownFileType = image.jpeg; path = plane.jpg; sourceTree = "<group>"; };
		821A46E31919638C00C5CF3D /* Boat.jpg */ = {isa = PBXFileReference; lastKnownFileType = image.jpeg; path = Boat.jpg; sourceTree = "<group>"; };
		821A46EC1919638C00C5CF3D /* foot.jpg */ = {isa = PBXFileReference; lastKnownFileType = image.jpeg; path = foot.jpg; sourceTree = "<group>"; };
		821A46EE1919638C00C5CF3D /* car.jpg */ = {isa = PBXFileReference; lastKnownFileType = image.jpeg; path = car.jpg; sourceTree = "<group>"; };
		822211A41937C4F5008EFA89 /* foot_dup.jpg */ = {isa = PBXFileReference; lastKnownFileType = image.jpeg; path = foot_dup.jpg; sourceTree = "<group>"; };
		822211A61937C9DD008EFA89 /* slotmachine_surroundings_getting_bg_center.png */ = {isa = PBXFileReference; lastKnownFileType = image.png; path = slotmachine_surroundings_getting_bg_center.png; sourceTree = "<group>"; };
		822211A71937C9DD008EFA89 /* slotmachine_surroundings_getting_bg_center@2x.png */ = {isa = PBXFileReference; lastKnownFileType = image.png; path = "slotmachine_surroundings_getting_bg_center@2x.png"; sourceTree = "<group>"; };
		822211A81937C9DD008EFA89 /* slotmachine_surroundings_getting_bg_leftright.png */ = {isa = PBXFileReference; lastKnownFileType = image.png; path = slotmachine_surroundings_getting_bg_leftright.png; sourceTree = "<group>"; };
		822211A91937C9DD008EFA89 /* slotmachine_surroundings_getting_bg_leftright@2x.png */ = {isa = PBXFileReference; lastKnownFileType = image.png; path = "slotmachine_surroundings_getting_bg_leftright@2x.png"; sourceTree = "<group>"; };
		8247BCCB19376E7700A2AB80 /* slotmachine_skanska_360_bg_center.png */ = {isa = PBXFileReference; lastKnownFileType = image.png; path = slotmachine_skanska_360_bg_center.png; sourceTree = "<group>"; };
		8247BCCC19376E7700A2AB80 /* slotmachine_skanska_360_bg_center@2x.png */ = {isa = PBXFileReference; lastKnownFileType = image.png; path = "slotmachine_skanska_360_bg_center@2x.png"; sourceTree = "<group>"; };
		8247BCCD19376E7700A2AB80 /* slotmachine_skanska_360_bg_left.png */ = {isa = PBXFileReference; lastKnownFileType = image.png; path = slotmachine_skanska_360_bg_left.png; sourceTree = "<group>"; };
		8247BCCE19376E7700A2AB80 /* slotmachine_skanska_360_bg_left@2x.png */ = {isa = PBXFileReference; lastKnownFileType = image.png; path = "slotmachine_skanska_360_bg_left@2x.png"; sourceTree = "<group>"; };
		8247BCCF19376E7700A2AB80 /* slotmachine_skanska_360_bg_right.png */ = {isa = PBXFileReference; lastKnownFileType = image.png; path = slotmachine_skanska_360_bg_right.png; sourceTree = "<group>"; };
		8247BCD019376E7700A2AB80 /* slotmachine_skanska_360_bg_right@2x.png */ = {isa = PBXFileReference; lastKnownFileType = image.png; path = "slotmachine_skanska_360_bg_right@2x.png"; sourceTree = "<group>"; };
		8247BCD119376E7700A2AB80 /* slotmachine_skanska_360_button_down.png */ = {isa = PBXFileReference; lastKnownFileType = image.png; path = slotmachine_skanska_360_button_down.png; sourceTree = "<group>"; };
		8247BCD219376E7700A2AB80 /* slotmachine_skanska_360_button_down@2x.png */ = {isa = PBXFileReference; lastKnownFileType = image.png; path = "slotmachine_skanska_360_button_down@2x.png"; sourceTree = "<group>"; };
		8247BCD319376E7700A2AB80 /* slotmachine_skanska_360_button_up.png */ = {isa = PBXFileReference; lastKnownFileType = image.png; path = slotmachine_skanska_360_button_up.png; sourceTree = "<group>"; };
		8247BCD419376E7700A2AB80 /* slotmachine_skanska_360_button_up@2x.png */ = {isa = PBXFileReference; lastKnownFileType = image.png; path = "slotmachine_skanska_360_button_up@2x.png"; sourceTree = "<group>"; };
		8247BCD519376E7700A2AB80 /* slotmachine_skanska_360_icon_local.png */ = {isa = PBXFileReference; lastKnownFileType = image.png; path = slotmachine_skanska_360_icon_local.png; sourceTree = "<group>"; };
		8247BCD619376E7700A2AB80 /* slotmachine_skanska_360_icon_local@2x.png */ = {isa = PBXFileReference; lastKnownFileType = image.png; path = "slotmachine_skanska_360_icon_local@2x.png"; sourceTree = "<group>"; };
		8247BCD719376E7700A2AB80 /* slotmachine_skanska_360_icon_self.png */ = {isa = PBXFileReference; lastKnownFileType = image.png; path = slotmachine_skanska_360_icon_self.png; sourceTree = "<group>"; };
		8247BCD819376E7700A2AB80 /* slotmachine_skanska_360_icon_self@2x.png */ = {isa = PBXFileReference; lastKnownFileType = image.png; path = "slotmachine_skanska_360_icon_self@2x.png"; sourceTree = "<group>"; };
		8247BCD919376E7700A2AB80 /* slotmachine_skanska_360_icon_world.png */ = {isa = PBXFileReference; lastKnownFileType = image.png; path = slotmachine_skanska_360_icon_world.png; sourceTree = "<group>"; };
		8247BCDA19376E7700A2AB80 /* slotmachine_skanska_360_icon_world@2x.png */ = {isa = PBXFileReference; lastKnownFileType = image.png; path = "slotmachine_skanska_360_icon_world@2x.png"; sourceTree = "<group>"; };
		824C246C192CE5760070A6AC /* menuWithIndicator.h */ = {isa = PBXFileReference; fileEncoding = 4; lastKnownFileType = sourcecode.c.h; path = menuWithIndicator.h; sourceTree = "<group>"; };
		824C246D192CE5760070A6AC /* menuWithIndicator.m */ = {isa = PBXFileReference; fileEncoding = 4; lastKnownFileType = sourcecode.c.objc; path = menuWithIndicator.m; sourceTree = "<group>"; };
		826AE92A19094DCD006A689B /* xh_slotSlideView.app */ = {isa = PBXFileReference; explicitFileType = wrapper.application; includeInIndex = 0; path = xh_slotSlideView.app; sourceTree = BUILT_PRODUCTS_DIR; };
		826AE92D19094DCD006A689B /* Foundation.framework */ = {isa = PBXFileReference; lastKnownFileType = wrapper.framework; name = Foundation.framework; path = System/Library/Frameworks/Foundation.framework; sourceTree = SDKROOT; };
		826AE92F19094DCD006A689B /* CoreGraphics.framework */ = {isa = PBXFileReference; lastKnownFileType = wrapper.framework; name = CoreGraphics.framework; path = System/Library/Frameworks/CoreGraphics.framework; sourceTree = SDKROOT; };
		826AE93119094DCD006A689B /* UIKit.framework */ = {isa = PBXFileReference; lastKnownFileType = wrapper.framework; name = UIKit.framework; path = System/Library/Frameworks/UIKit.framework; sourceTree = SDKROOT; };
		826AE93519094DCD006A689B /* xh_slotSlideView-Info.plist */ = {isa = PBXFileReference; lastKnownFileType = text.plist.xml; path = "xh_slotSlideView-Info.plist"; sourceTree = "<group>"; };
		826AE93719094DCD006A689B /* en */ = {isa = PBXFileReference; lastKnownFileType = text.plist.strings; name = en; path = en.lproj/InfoPlist.strings; sourceTree = "<group>"; };
		826AE93919094DCD006A689B /* main.m */ = {isa = PBXFileReference; lastKnownFileType = sourcecode.c.objc; path = main.m; sourceTree = "<group>"; };
		826AE93B19094DCD006A689B /* xh_slotSlideView-Prefix.pch */ = {isa = PBXFileReference; lastKnownFileType = sourcecode.c.h; path = "xh_slotSlideView-Prefix.pch"; sourceTree = "<group>"; };
		826AE93C19094DCD006A689B /* AppDelegate.h */ = {isa = PBXFileReference; lastKnownFileType = sourcecode.c.h; path = AppDelegate.h; sourceTree = "<group>"; };
		826AE93D19094DCD006A689B /* AppDelegate.m */ = {isa = PBXFileReference; lastKnownFileType = sourcecode.c.objc; path = AppDelegate.m; sourceTree = "<group>"; };
		826AE94019094DCD006A689B /* Base */ = {isa = PBXFileReference; lastKnownFileType = file.storyboard; name = Base; path = Base.lproj/Main.storyboard; sourceTree = "<group>"; };
		826AE94219094DCD006A689B /* ViewController.h */ = {isa = PBXFileReference; lastKnownFileType = sourcecode.c.h; path = ViewController.h; sourceTree = "<group>"; };
		826AE94319094DCD006A689B /* ViewController.m */ = {isa = PBXFileReference; lastKnownFileType = sourcecode.c.objc; path = ViewController.m; sourceTree = "<group>"; };
		826AE94519094DCD006A689B /* Images.xcassets */ = {isa = PBXFileReference; lastKnownFileType = folder.assetcatalog; path = Images.xcassets; sourceTree = "<group>"; };
		826AE94B19094DCD006A689B /* xh_slotSlideViewTests.xctest */ = {isa = PBXFileReference; explicitFileType = wrapper.cfbundle; includeInIndex = 0; path = xh_slotSlideViewTests.xctest; sourceTree = BUILT_PRODUCTS_DIR; };
		826AE94C19094DCD006A689B /* XCTest.framework */ = {isa = PBXFileReference; lastKnownFileType = wrapper.framework; name = XCTest.framework; path = Library/Frameworks/XCTest.framework; sourceTree = DEVELOPER_DIR; };
		826AE95419094DCD006A689B /* xh_slotSlideViewTests-Info.plist */ = {isa = PBXFileReference; lastKnownFileType = text.plist.xml; path = "xh_slotSlideViewTests-Info.plist"; sourceTree = "<group>"; };
		826AE95619094DCD006A689B /* en */ = {isa = PBXFileReference; lastKnownFileType = text.plist.strings; name = en; path = en.lproj/InfoPlist.strings; sourceTree = "<group>"; };
		826AE95819094DCD006A689B /* xh_slotSlideViewTests.m */ = {isa = PBXFileReference; lastKnownFileType = sourcecode.c.objc; path = xh_slotSlideViewTests.m; sourceTree = "<group>"; };
		826AE96219095253006A689B /* xh_slotScrollView.h */ = {isa = PBXFileReference; fileEncoding = 4; lastKnownFileType = sourcecode.c.h; path = xh_slotScrollView.h; sourceTree = "<group>"; };
		826AE96319095254006A689B /* xh_slotScrollView.m */ = {isa = PBXFileReference; fileEncoding = 4; lastKnownFileType = sourcecode.c.objc; path = xh_slotScrollView.m; sourceTree = "<group>"; };
		826AE965190963A6006A689B /* fpo_tmp.jpg */ = {isa = PBXFileReference; lastKnownFileType = image.jpeg; path = fpo_tmp.jpg; sourceTree = "<group>"; };
		826AE966190963A6006A689B /* movie_tmp.jpg */ = {isa = PBXFileReference; lastKnownFileType = image.jpeg; path = movie_tmp.jpg; sourceTree = "<group>"; };
		826AE967190963A6006A689B /* pdf_tmp.jpg */ = {isa = PBXFileReference; lastKnownFileType = image.jpeg; path = pdf_tmp.jpg; sourceTree = "<group>"; };
		828CFAC6191BDF0B009888D7 /* T.jpg */ = {isa = PBXFileReference; lastKnownFileType = image.jpeg; path = T.jpg; sourceTree = "<group>"; };
		829BAF081937A89600B3F1BF /* grfx_location_slot_bg.jpg */ = {isa = PBXFileReference; lastKnownFileType = image.jpeg; path = grfx_location_slot_bg.jpg; sourceTree = "<group>"; };
		829BAF091937A89600B3F1BF /* grfx_location_slot_bg@2x.jpg */ = {isa = PBXFileReference; lastKnownFileType = image.jpeg; path = "grfx_location_slot_bg@2x.jpg"; sourceTree = "<group>"; };
		829BAF721937BB8000B3F1BF /* slotmachine_surroundings_getting_button_down.png */ = {isa = PBXFileReference; lastKnownFileType = image.png; path = slotmachine_surroundings_getting_button_down.png; sourceTree = "<group>"; };
		829BAF731937BB8000B3F1BF /* slotmachine_surroundings_getting_button_down@2x.png */ = {isa = PBXFileReference; lastKnownFileType = image.png; path = "slotmachine_surroundings_getting_button_down@2x.png"; sourceTree = "<group>"; };
		829BAF741937BB8000B3F1BF /* slotmachine_surroundings_getting_button_up.png */ = {isa = PBXFileReference; lastKnownFileType = image.png; path = slotmachine_surroundings_getting_button_up.png; sourceTree = "<group>"; };
		829BAF751937BB8000B3F1BF /* slotmachine_surroundings_getting_button_up@2x.png */ = {isa = PBXFileReference; lastKnownFileType = image.png; path = "slotmachine_surroundings_getting_button_up@2x.png"; sourceTree = "<group>"; };
		829BAF761937BB8000B3F1BF /* slotmachine_surroundings_getting_icon_bike.png */ = {isa = PBXFileReference; lastKnownFileType = image.png; path = slotmachine_surroundings_getting_icon_bike.png; sourceTree = "<group>"; };
		829BAF771937BB8000B3F1BF /* slotmachine_surroundings_getting_icon_bike@2x.png */ = {isa = PBXFileReference; lastKnownFileType = image.png; path = "slotmachine_surroundings_getting_icon_bike@2x.png"; sourceTree = "<group>"; };
		829BAF781937BB8000B3F1BF /* slotmachine_surroundings_getting_icon_car.png */ = {isa = PBXFileReference; lastKnownFileType = image.png; path = slotmachine_surroundings_getting_icon_car.png; sourceTree = "<group>"; };
		829BAF791937BB8000B3F1BF /* slotmachine_surroundings_getting_icon_car@2x.png */ = {isa = PBXFileReference; lastKnownFileType = image.png; path = "slotmachine_surroundings_getting_icon_car@2x.png"; sourceTree = "<group>"; };
		829BAF7A1937BB8000B3F1BF /* slotmachine_surroundings_getting_icon_ferry.png */ = {isa = PBXFileReference; lastKnownFileType = image.png; path = slotmachine_surroundings_getting_icon_ferry.png; sourceTree = "<group>"; };
		829BAF7B1937BB8000B3F1BF /* slotmachine_surroundings_getting_icon_ferry@2x.png */ = {isa = PBXFileReference; lastKnownFileType = image.png; path = "slotmachine_surroundings_getting_icon_ferry@2x.png"; sourceTree = "<group>"; };
		829BAF7C1937BB8000B3F1BF /* slotmachine_surroundings_getting_icon_foot.png */ = {isa = PBXFileReference; lastKnownFileType = image.png; path = slotmachine_surroundings_getting_icon_foot.png; sourceTree = "<group>"; };
		829BAF7D1937BB8000B3F1BF /* slotmachine_surroundings_getting_icon_foot@2x.png */ = {isa = PBXFileReference; lastKnownFileType = image.png; path = "slotmachine_surroundings_getting_icon_foot@2x.png"; sourceTree = "<group>"; };
		829BAF7E1937BB8000B3F1BF /* slotmachine_surroundings_getting_icon_plane.png */ = {isa = PBXFileReference; lastKnownFileType = image.png; path = slotmachine_surroundings_getting_icon_plane.png; sourceTree = "<group>"; };
		829BAF7F1937BB8000B3F1BF /* slotmachine_surroundings_getting_icon_plane@2x.png */ = {isa = PBXFileReference; lastKnownFileType = image.png; path = "slotmachine_surroundings_getting_icon_plane@2x.png"; sourceTree = "<group>"; };
		829BAF801937BB8000B3F1BF /* slotmachine_surroundings_getting_icon_t.png */ = {isa = PBXFileReference; lastKnownFileType = image.png; path = slotmachine_surroundings_getting_icon_t.png; sourceTree = "<group>"; };
		829BAF811937BB8000B3F1BF /* slotmachine_surroundings_getting_icon_t@2x.png */ = {isa = PBXFileReference; lastKnownFileType = image.png; path = "slotmachine_surroundings_getting_icon_t@2x.png"; sourceTree = "<group>"; };
		829BAF821937BB8000B3F1BF /* slotmachine_surroundings_getting_nav2_bike_icon_off.png */ = {isa = PBXFileReference; lastKnownFileType = image.png; path = slotmachine_surroundings_getting_nav2_bike_icon_off.png; sourceTree = "<group>"; };
		829BAF831937BB8000B3F1BF /* slotmachine_surroundings_getting_nav2_bike_icon_off@2x.png */ = {isa = PBXFileReference; lastKnownFileType = image.png; path = "slotmachine_surroundings_getting_nav2_bike_icon_off@2x.png"; sourceTree = "<group>"; };
		829BAF841937BB8000B3F1BF /* slotmachine_surroundings_getting_nav2_bike_icon_on.png */ = {isa = PBXFileReference; lastKnownFileType = image.png; path = slotmachine_surroundings_getting_nav2_bike_icon_on.png; sourceTree = "<group>"; };
		829BAF851937BB8000B3F1BF /* slotmachine_surroundings_getting_nav2_bike_icon_on@2x.png */ = {isa = PBXFileReference; lastKnownFileType = image.png; path = "slotmachine_surroundings_getting_nav2_bike_icon_on@2x.png"; sourceTree = "<group>"; };
		829BAF861937BB8000B3F1BF /* slotmachine_surroundings_getting_nav2_car_icon_off.png */ = {isa = PBXFileReference; lastKnownFileType = image.png; path = slotmachine_surroundings_getting_nav2_car_icon_off.png; sourceTree = "<group>"; };
		829BAF871937BB8000B3F1BF /* slotmachine_surroundings_getting_nav2_car_icon_off@2x.png */ = {isa = PBXFileReference; lastKnownFileType = image.png; path = "slotmachine_surroundings_getting_nav2_car_icon_off@2x.png"; sourceTree = "<group>"; };
		829BAF881937BB8000B3F1BF /* slotmachine_surroundings_getting_nav2_car_icon_on.png */ = {isa = PBXFileReference; lastKnownFileType = image.png; path = slotmachine_surroundings_getting_nav2_car_icon_on.png; sourceTree = "<group>"; };
		829BAF891937BB8000B3F1BF /* slotmachine_surroundings_getting_nav2_car_icon_on@2x.png */ = {isa = PBXFileReference; lastKnownFileType = image.png; path = "slotmachine_surroundings_getting_nav2_car_icon_on@2x.png"; sourceTree = "<group>"; };
		829BAF8A1937BB8000B3F1BF /* slotmachine_surroundings_getting_nav2_ferry_icon_off.png */ = {isa = PBXFileReference; lastKnownFileType = image.png; path = slotmachine_surroundings_getting_nav2_ferry_icon_off.png; sourceTree = "<group>"; };
		829BAF8B1937BB8000B3F1BF /* slotmachine_surroundings_getting_nav2_ferry_icon_off@2x.png */ = {isa = PBXFileReference; lastKnownFileType = image.png; path = "slotmachine_surroundings_getting_nav2_ferry_icon_off@2x.png"; sourceTree = "<group>"; };
		829BAF8C1937BB8000B3F1BF /* slotmachine_surroundings_getting_nav2_ferry_icon_on.png */ = {isa = PBXFileReference; lastKnownFileType = image.png; path = slotmachine_surroundings_getting_nav2_ferry_icon_on.png; sourceTree = "<group>"; };
		829BAF8D1937BB8000B3F1BF /* slotmachine_surroundings_getting_nav2_ferry_icon_on@2x.png */ = {isa = PBXFileReference; lastKnownFileType = image.png; path = "slotmachine_surroundings_getting_nav2_ferry_icon_on@2x.png"; sourceTree = "<group>"; };
		829BAF8E1937BB8000B3F1BF /* slotmachine_surroundings_getting_nav2_foot_icon_on.png */ = {isa = PBXFileReference; lastKnownFileType = image.png; path = slotmachine_surroundings_getting_nav2_foot_icon_on.png; sourceTree = "<group>"; };
		829BAF8F1937BB8000B3F1BF /* slotmachine_surroundings_getting_nav2_foot_icon_on@2x.png */ = {isa = PBXFileReference; lastKnownFileType = image.png; path = "slotmachine_surroundings_getting_nav2_foot_icon_on@2x.png"; sourceTree = "<group>"; };
		829BAF901937BB8000B3F1BF /* slotmachine_surroundings_getting_nav2_foot_off.png */ = {isa = PBXFileReference; lastKnownFileType = image.png; path = slotmachine_surroundings_getting_nav2_foot_off.png; sourceTree = "<group>"; };
		829BAF911937BB8000B3F1BF /* slotmachine_surroundings_getting_nav2_foot_off@2x.png */ = {isa = PBXFileReference; lastKnownFileType = image.png; path = "slotmachine_surroundings_getting_nav2_foot_off@2x.png"; sourceTree = "<group>"; };
		829BAF921937BB8000B3F1BF /* slotmachine_surroundings_getting_nav2_plane_icon_off.png */ = {isa = PBXFileReference; lastKnownFileType = image.png; path = slotmachine_surroundings_getting_nav2_plane_icon_off.png; sourceTree = "<group>"; };
		829BAF931937BB8000B3F1BF /* slotmachine_surroundings_getting_nav2_plane_icon_off@2x.png */ = {isa = PBXFileReference; lastKnownFileType = image.png; path = "slotmachine_surroundings_getting_nav2_plane_icon_off@2x.png"; sourceTree = "<group>"; };
		829BAF941937BB8000B3F1BF /* slotmachine_surroundings_getting_nav2_plane_icon_on.png */ = {isa = PBXFileReference; lastKnownFileType = image.png; path = slotmachine_surroundings_getting_nav2_plane_icon_on.png; sourceTree = "<group>"; };
		829BAF951937BB8000B3F1BF /* slotmachine_surroundings_getting_nav2_plane_icon_on@2x.png */ = {isa = PBXFileReference; lastKnownFileType = image.png; path = "slotmachine_surroundings_getting_nav2_plane_icon_on@2x.png"; sourceTree = "<group>"; };
		829BAF961937BB8000B3F1BF /* slotmachine_surroundings_getting_nav2_T_icon_off.png */ = {isa = PBXFileReference; lastKnownFileType = image.png; path = slotmachine_surroundings_getting_nav2_T_icon_off.png; sourceTree = "<group>"; };
		829BAF971937BB8000B3F1BF /* slotmachine_surroundings_getting_nav2_T_icon_off@2x.png */ = {isa = PBXFileReference; lastKnownFileType = image.png; path = "slotmachine_surroundings_getting_nav2_T_icon_off@2x.png"; sourceTree = "<group>"; };
		829BAF981937BB8000B3F1BF /* slotmachine_surroundings_getting_nav2_T_icon_on.png */ = {isa = PBXFileReference; lastKnownFileType = image.png; path = slotmachine_surroundings_getting_nav2_T_icon_on.png; sourceTree = "<group>"; };
		829BAF991937BB8000B3F1BF /* slotmachine_surroundings_getting_nav2_T_icon_on@2x.png */ = {isa = PBXFileReference; lastKnownFileType = image.png; path = "slotmachine_surroundings_getting_nav2_T_icon_on@2x.png"; sourceTree = "<group>"; };
		82B0917B19362C220083B151 /* xh_slotUIView.h */ = {isa = PBXFileReference; fileEncoding = 4; lastKnownFileType = sourcecode.c.h; path = xh_slotUIView.h; sourceTree = "<group>"; };
		82B0917C19362C220083B151 /* xh_slotUIView.m */ = {isa = PBXFileReference; fileEncoding = 4; lastKnownFileType = sourcecode.c.objc; path = xh_slotUIView.m; sourceTree = "<group>"; };
		82B0917E1936311C0083B151 /* slotUIView.plist */ = {isa = PBXFileReference; fileEncoding = 4; lastKnownFileType = text.plist.xml; path = slotUIView.plist; sourceTree = "<group>"; };
		82B09180193639780083B151 /* skaskaViewController.h */ = {isa = PBXFileReference; fileEncoding = 4; lastKnownFileType = sourcecode.c.h; path = skaskaViewController.h; sourceTree = "<group>"; };
		82B09181193639780083B151 /* skaskaViewController.m */ = {isa = PBXFileReference; fileEncoding = 4; lastKnownFileType = sourcecode.c.objc; path = skaskaViewController.m; sourceTree = "<group>"; };
		82B09183193639880083B151 /* locationViewController.h */ = {isa = PBXFileReference; fileEncoding = 4; lastKnownFileType = sourcecode.c.h; path = locationViewController.h; sourceTree = "<group>"; };
		82B09184193639880083B151 /* locationViewController.m */ = {isa = PBXFileReference; fileEncoding = 4; lastKnownFileType = sourcecode.c.objc; path = locationViewController.m; sourceTree = "<group>"; };
		82C352A1192D3747005D0D3A /* movie_tmp.jpg */ = {isa = PBXFileReference; lastKnownFileType = image.jpeg; path = movie_tmp.jpg; sourceTree = "<group>"; };
		82E209D51912CC3400D7BDEC /* embBlockViewController.h */ = {isa = PBXFileReference; fileEncoding = 4; lastKnownFileType = sourcecode.c.h; path = embBlockViewController.h; sourceTree = "<group>"; };
		82E209D61912CC3400D7BDEC /* embBlockViewController.m */ = {isa = PBXFileReference; fileEncoding = 4; lastKnownFileType = sourcecode.c.objc; path = embBlockViewController.m; sourceTree = "<group>"; };
		82E209D71912CC3400D7BDEC /* embDrawPath.h */ = {isa = PBXFileReference; fileEncoding = 4; lastKnownFileType = sourcecode.c.h; path = embDrawPath.h; sourceTree = "<group>"; };
		82E209D81912CC3400D7BDEC /* embDrawPath.m */ = {isa = PBXFileReference; fileEncoding = 4; lastKnownFileType = sourcecode.c.objc; path = embDrawPath.m; sourceTree = "<group>"; };
		82E209D91912CC3400D7BDEC /* embMorphTwoPaths.h */ = {isa = PBXFileReference; fileEncoding = 4; lastKnownFileType = sourcecode.c.h; path = embMorphTwoPaths.h; sourceTree = "<group>"; };
		82E209DA1912CC3400D7BDEC /* embMorphTwoPaths.m */ = {isa = PBXFileReference; fileEncoding = 4; lastKnownFileType = sourcecode.c.objc; path = embMorphTwoPaths.m; sourceTree = "<group>"; };
		82E209DB1912CC3400D7BDEC /* embOverlayScrollView.h */ = {isa = PBXFileReference; fileEncoding = 4; lastKnownFileType = sourcecode.c.h; path = embOverlayScrollView.h; sourceTree = "<group>"; };
		82E209DC1912CC3400D7BDEC /* embOverlayScrollView.m */ = {isa = PBXFileReference; fileEncoding = 4; lastKnownFileType = sourcecode.c.objc; path = embOverlayScrollView.m; sourceTree = "<group>"; };
		82E209DD1912CC3400D7BDEC /* embPVCBaseViewController.h */ = {isa = PBXFileReference; fileEncoding = 4; lastKnownFileType = sourcecode.c.h; path = embPVCBaseViewController.h; sourceTree = "<group>"; };
		82E209DE1912CC3400D7BDEC /* embPVCBaseViewController.m */ = {isa = PBXFileReference; fileEncoding = 4; lastKnownFileType = sourcecode.c.objc; path = embPVCBaseViewController.m; sourceTree = "<group>"; };
		82E209DF1912CC3400D7BDEC /* embPVCModelController.h */ = {isa = PBXFileReference; fileEncoding = 4; lastKnownFileType = sourcecode.c.h; path = embPVCModelController.h; sourceTree = "<group>"; };
		82E209E01912CC3400D7BDEC /* embPVCModelController.m */ = {isa = PBXFileReference; fileEncoding = 4; lastKnownFileType = sourcecode.c.objc; path = embPVCModelController.m; sourceTree = "<group>"; };
		82E209E11912CC3400D7BDEC /* embPVCRootViewController.h */ = {isa = PBXFileReference; fileEncoding = 4; lastKnownFileType = sourcecode.c.h; path = embPVCRootViewController.h; sourceTree = "<group>"; };
		82E209E21912CC3400D7BDEC /* embPVCRootViewController.m */ = {isa = PBXFileReference; fileEncoding = 4; lastKnownFileType = sourcecode.c.objc; path = embPVCRootViewController.m; sourceTree = "<group>"; };
		82E209E31912CC3400D7BDEC /* Fenway.storyboard */ = {isa = PBXFileReference; fileEncoding = 4; lastKnownFileType = file.storyboard; path = Fenway.storyboard; sourceTree = "<group>"; };
		82E209ED1912CC5A00D7BDEC /* blockpaths.plist */ = {isa = PBXFileReference; fileEncoding = 4; lastKnownFileType = text.plist.xml; path = blockpaths.plist; sourceTree = "<group>"; };
		82E209EE1912CC5A00D7BDEC /* fenway_panel.plist */ = {isa = PBXFileReference; fileEncoding = 4; lastKnownFileType = text.plist.xml; path = fenway_panel.plist; sourceTree = "<group>"; };
		82E209EF1912CC5A00D7BDEC /* images.plist */ = {isa = PBXFileReference; fileEncoding = 4; lastKnownFileType = text.plist.xml; path = images.plist; sourceTree = "<group>"; };
		82E209F01912CC5A00D7BDEC /* panel_fenway.plist */ = {isa = PBXFileReference; fileEncoding = 4; lastKnownFileType = text.plist.xml; path = panel_fenway.plist; sourceTree = "<group>"; };
		82E209F11912CC5A00D7BDEC /* panel_images.plist */ = {isa = PBXFileReference; fileEncoding = 4; lastKnownFileType = text.plist.xml; path = panel_images.plist; sourceTree = "<group>"; };
		82E209F21912CC5A00D7BDEC /* titles.plist */ = {isa = PBXFileReference; fileEncoding = 4; lastKnownFileType = text.plist.xml; path = titles.plist; sourceTree = "<group>"; };
		82E209F91912CD0000D7BDEC /* embBezierItem.h */ = {isa = PBXFileReference; fileEncoding = 4; lastKnownFileType = sourcecode.c.h; path = embBezierItem.h; sourceTree = "<group>"; };
		82E209FA1912CD0000D7BDEC /* embBezierItem.m */ = {isa = PBXFileReference; fileEncoding = 4; lastKnownFileType = sourcecode.c.objc; path = embBezierItem.m; sourceTree = "<group>"; };
		82E209FB1912CD0000D7BDEC /* embDrawBezierPath.h */ = {isa = PBXFileReference; fileEncoding = 4; lastKnownFileType = sourcecode.c.h; path = embDrawBezierPath.h; sourceTree = "<group>"; };
		82E209FC1912CD0000D7BDEC /* embDrawBezierPath.m */ = {isa = PBXFileReference; fileEncoding = 4; lastKnownFileType = sourcecode.c.objc; path = embDrawBezierPath.m; sourceTree = "<group>"; };
		82E209FF1912CD2400D7BDEC /* embFenwayBlockPaths.h */ = {isa = PBXFileReference; fileEncoding = 4; lastKnownFileType = sourcecode.c.h; path = embFenwayBlockPaths.h; sourceTree = "<group>"; };
		82E20A001912CD2400D7BDEC /* embFenwayBlockPaths.m */ = {isa = PBXFileReference; fileEncoding = 4; lastKnownFileType = sourcecode.c.objc; path = embFenwayBlockPaths.m; sourceTree = "<group>"; };
		82E20A021912CD3C00D7BDEC /* embBezierPathItem.h */ = {isa = PBXFileReference; fileEncoding = 4; lastKnownFileType = sourcecode.c.h; path = embBezierPathItem.h; sourceTree = "<group>"; };
		82E20A031912CD3C00D7BDEC /* embBezierPathItem.m */ = {isa = PBXFileReference; fileEncoding = 4; lastKnownFileType = sourcecode.c.objc; path = embBezierPathItem.m; sourceTree = "<group>"; };
		82F42EAF1938B6150056E9E4 /* slotmachine_surroundings_getting_button_back.png */ = {isa = PBXFileReference; lastKnownFileType = image.png; path = slotmachine_surroundings_getting_button_back.png; sourceTree = "<group>"; };
		82F42EB01938B6150056E9E4 /* slotmachine_surroundings_getting_button_back@2x.png */ = {isa = PBXFileReference; lastKnownFileType = image.png; path = "slotmachine_surroundings_getting_button_back@2x.png"; sourceTree = "<group>"; };
		82F42EB31938C32E0056E9E4 /* bike@2x.jpg */ = {isa = PBXFileReference; lastKnownFileType = image.jpeg; path = "bike@2x.jpg"; sourceTree = "<group>"; };
		82F42EB41938C32E0056E9E4 /* Boat@2x.jpg */ = {isa = PBXFileReference; lastKnownFileType = image.jpeg; path = "Boat@2x.jpg"; sourceTree = "<group>"; };
		82F42EB51938C32E0056E9E4 /* car_dup@2x.jpg */ = {isa = PBXFileReference; lastKnownFileType = image.jpeg; path = "car_dup@2x.jpg"; sourceTree = "<group>"; };
		82F42EB61938C32E0056E9E4 /* car@2x.jpg */ = {isa = PBXFileReference; lastKnownFileType = image.jpeg; path = "car@2x.jpg"; sourceTree = "<group>"; };
		82F42EB71938C32E0056E9E4 /* foot_dup@2x.jpg */ = {isa = PBXFileReference; lastKnownFileType = image.jpeg; path = "foot_dup@2x.jpg"; sourceTree = "<group>"; };
		82F42EB81938C32E0056E9E4 /* foot@2x.jpg */ = {isa = PBXFileReference; lastKnownFileType = image.jpeg; path = "foot@2x.jpg"; sourceTree = "<group>"; };
		82F42EB91938C32E0056E9E4 /* plane@2x.jpg */ = {isa = PBXFileReference; lastKnownFileType = image.jpeg; path = "plane@2x.jpg"; sourceTree = "<group>"; };
		82F42EBA1938C32E0056E9E4 /* T@2x.jpg */ = {isa = PBXFileReference; lastKnownFileType = image.jpeg; path = "T@2x.jpg"; sourceTree = "<group>"; };
/* End PBXFileReference section */

/* Begin PBXFrameworksBuildPhase section */
		826AE92719094DCD006A689B /* Frameworks */ = {
			isa = PBXFrameworksBuildPhase;
			buildActionMask = 2147483647;
			files = (
				826AE93019094DCD006A689B /* CoreGraphics.framework in Frameworks */,
				826AE93219094DCD006A689B /* UIKit.framework in Frameworks */,
				826AE92E19094DCD006A689B /* Foundation.framework in Frameworks */,
			);
			runOnlyForDeploymentPostprocessing = 0;
		};
		826AE94819094DCD006A689B /* Frameworks */ = {
			isa = PBXFrameworksBuildPhase;
			buildActionMask = 2147483647;
			files = (
				826AE94D19094DCD006A689B /* XCTest.framework in Frameworks */,
				826AE94F19094DCD006A689B /* UIKit.framework in Frameworks */,
				826AE94E19094DCD006A689B /* Foundation.framework in Frameworks */,
			);
			runOnlyForDeploymentPostprocessing = 0;
		};
/* End PBXFrameworksBuildPhase section */

/* Begin PBXGroup section */
		821A46D61919638C00C5CF3D /* Pages */ = {
			isa = PBXGroup;
			children = (
				821A46D71919638C00C5CF3D /* car_dup.jpg */,
				821A46D81919638C00C5CF3D /* bike.jpg */,
				821A46E21919638C00C5CF3D /* plane.jpg */,
				821A46E31919638C00C5CF3D /* Boat.jpg */,
				828CFAC6191BDF0B009888D7 /* T.jpg */,
				821A46EC1919638C00C5CF3D /* foot.jpg */,
				821A46EE1919638C00C5CF3D /* car.jpg */,
				822211A41937C4F5008EFA89 /* foot_dup.jpg */,
				82F42EB31938C32E0056E9E4 /* bike@2x.jpg */,
				82F42EB41938C32E0056E9E4 /* Boat@2x.jpg */,
				82F42EB51938C32E0056E9E4 /* car_dup@2x.jpg */,
				82F42EB61938C32E0056E9E4 /* car@2x.jpg */,
				82F42EB71938C32E0056E9E4 /* foot_dup@2x.jpg */,
				82F42EB81938C32E0056E9E4 /* foot@2x.jpg */,
				82F42EB91938C32E0056E9E4 /* plane@2x.jpg */,
				82F42EBA1938C32E0056E9E4 /* T@2x.jpg */,
			);
			path = Pages;
			sourceTree = "<group>";
		};
		8247BCCA19376E7700A2AB80 /* Skanska360 */ = {
			isa = PBXGroup;
			children = (
				8247BCCB19376E7700A2AB80 /* slotmachine_skanska_360_bg_center.png */,
				8247BCCC19376E7700A2AB80 /* slotmachine_skanska_360_bg_center@2x.png */,
				8247BCCD19376E7700A2AB80 /* slotmachine_skanska_360_bg_left.png */,
				8247BCCE19376E7700A2AB80 /* slotmachine_skanska_360_bg_left@2x.png */,
				8247BCCF19376E7700A2AB80 /* slotmachine_skanska_360_bg_right.png */,
				8247BCD019376E7700A2AB80 /* slotmachine_skanska_360_bg_right@2x.png */,
				8247BCD119376E7700A2AB80 /* slotmachine_skanska_360_button_down.png */,
				8247BCD219376E7700A2AB80 /* slotmachine_skanska_360_button_down@2x.png */,
				8247BCD319376E7700A2AB80 /* slotmachine_skanska_360_button_up.png */,
				8247BCD419376E7700A2AB80 /* slotmachine_skanska_360_button_up@2x.png */,
				8215D3271937839E007F40B7 /* slotmachine_skanska_360_icon_local_small@2x.png */,
				8215D3281937839E007F40B7 /* slotmachine_skanska_360_icon_local_small.png */,
				8247BCD519376E7700A2AB80 /* slotmachine_skanska_360_icon_local.png */,
				8247BCD619376E7700A2AB80 /* slotmachine_skanska_360_icon_local@2x.png */,
				8247BCD719376E7700A2AB80 /* slotmachine_skanska_360_icon_self.png */,
				8247BCD819376E7700A2AB80 /* slotmachine_skanska_360_icon_self@2x.png */,
				8247BCD919376E7700A2AB80 /* slotmachine_skanska_360_icon_world.png */,
				8247BCDA19376E7700A2AB80 /* slotmachine_skanska_360_icon_world@2x.png */,
			);
			path = Skanska360;
			sourceTree = "<group>";
		};
		826AE92119094DCD006A689B = {
			isa = PBXGroup;
			children = (
				826AE93319094DCD006A689B /* xh_slotSlideView */,
				826AE95219094DCD006A689B /* xh_slotSlideViewTests */,
				826AE92C19094DCD006A689B /* Frameworks */,
				826AE92B19094DCD006A689B /* Products */,
			);
			sourceTree = "<group>";
		};
		826AE92B19094DCD006A689B /* Products */ = {
			isa = PBXGroup;
			children = (
				826AE92A19094DCD006A689B /* xh_slotSlideView.app */,
				826AE94B19094DCD006A689B /* xh_slotSlideViewTests.xctest */,
			);
			name = Products;
			sourceTree = "<group>";
		};
		826AE92C19094DCD006A689B /* Frameworks */ = {
			isa = PBXGroup;
			children = (
				826AE92D19094DCD006A689B /* Foundation.framework */,
				826AE92F19094DCD006A689B /* CoreGraphics.framework */,
				826AE93119094DCD006A689B /* UIKit.framework */,
				826AE94C19094DCD006A689B /* XCTest.framework */,
			);
			name = Frameworks;
			sourceTree = "<group>";
		};
		826AE93319094DCD006A689B /* xh_slotSlideView */ = {
			isa = PBXGroup;
			children = (
				826AE93C19094DCD006A689B /* AppDelegate.h */,
				826AE93D19094DCD006A689B /* AppDelegate.m */,
				826AE93F19094DCD006A689B /* Main.storyboard */,
				826AE94219094DCD006A689B /* ViewController.h */,
				826AE94319094DCD006A689B /* ViewController.m */,
				82B09180193639780083B151 /* skaskaViewController.h */,
				82B09181193639780083B151 /* skaskaViewController.m */,
				82B09183193639880083B151 /* locationViewController.h */,
				82B09184193639880083B151 /* locationViewController.m */,
				826AE96219095253006A689B /* xh_slotScrollView.h */,
				826AE96319095254006A689B /* xh_slotScrollView.m */,
				82B0917B19362C220083B151 /* xh_slotUIView.h */,
				82B0917C19362C220083B151 /* xh_slotUIView.m */,
				824C246C192CE5760070A6AC /* menuWithIndicator.h */,
				824C246D192CE5760070A6AC /* menuWithIndicator.m */,
				8207952A193F7422002DEEDE /* UIColor+Extensions.h */,
				8207952B193F7422002DEEDE /* UIColor+Extensions.m */,
				8207877619116CAD00279840 /* slotScroll.plist */,
				82B0917E1936311C0083B151 /* slotUIView.plist */,
				829BAF711937BB8000B3F1BF /* Location */,
				8247BCCA19376E7700A2AB80 /* Skanska360 */,
				829BAF081937A89600B3F1BF /* grfx_location_slot_bg.jpg */,
				829BAF091937A89600B3F1BF /* grfx_location_slot_bg@2x.jpg */,
				826AE965190963A6006A689B /* fpo_tmp.jpg */,
				826AE966190963A6006A689B /* movie_tmp.jpg */,
				826AE967190963A6006A689B /* pdf_tmp.jpg */,
				82C352A1192D3747005D0D3A /* movie_tmp.jpg */,
				82E209D41912CC3400D7BDEC /* Fenway_Pages */,
				826AE94519094DCD006A689B /* Images.xcassets */,
				826AE93419094DCD006A689B /* Supporting Files */,
			);
			path = xh_slotSlideView;
			sourceTree = "<group>";
		};
		826AE93419094DCD006A689B /* Supporting Files */ = {
			isa = PBXGroup;
			children = (
				826AE93519094DCD006A689B /* xh_slotSlideView-Info.plist */,
				826AE93619094DCD006A689B /* InfoPlist.strings */,
				826AE93919094DCD006A689B /* main.m */,
				826AE93B19094DCD006A689B /* xh_slotSlideView-Prefix.pch */,
			);
			name = "Supporting Files";
			sourceTree = "<group>";
		};
		826AE95219094DCD006A689B /* xh_slotSlideViewTests */ = {
			isa = PBXGroup;
			children = (
				826AE95819094DCD006A689B /* xh_slotSlideViewTests.m */,
				826AE95319094DCD006A689B /* Supporting Files */,
			);
			path = xh_slotSlideViewTests;
			sourceTree = "<group>";
		};
		826AE95319094DCD006A689B /* Supporting Files */ = {
			isa = PBXGroup;
			children = (
				826AE95419094DCD006A689B /* xh_slotSlideViewTests-Info.plist */,
				826AE95519094DCD006A689B /* InfoPlist.strings */,
			);
			name = "Supporting Files";
			sourceTree = "<group>";
		};
		829BAF711937BB8000B3F1BF /* Location */ = {
			isa = PBXGroup;
			children = (
				820B86B91937DF370021DFA7 /* byBike.jpg */,
				820B86BA1937DF370021DFA7 /* byBike@2x.jpg */,
				820B86BB1937DF370021DFA7 /* byBoat.jpg */,
				820B86BC1937DF370021DFA7 /* byBoat@2x.jpg */,
				820B86BD1937DF370021DFA7 /* byCar.jpg */,
				820B86BE1937DF370021DFA7 /* byCar@2x.jpg */,
				820B86BF1937DF370021DFA7 /* byFoot.jpg */,
				820B86C01937DF370021DFA7 /* byFoot@2x.jpg */,
				820B86C11937DF370021DFA7 /* byPlane.jpg */,
				820B86C21937DF370021DFA7 /* byPlane@2x.jpg */,
				820B86C31937DF370021DFA7 /* byRail.jpg */,
				820B86C41937DF370021DFA7 /* byRail@2x.jpg */,
				822211A61937C9DD008EFA89 /* slotmachine_surroundings_getting_bg_center.png */,
				822211A71937C9DD008EFA89 /* slotmachine_surroundings_getting_bg_center@2x.png */,
				822211A81937C9DD008EFA89 /* slotmachine_surroundings_getting_bg_leftright.png */,
				822211A91937C9DD008EFA89 /* slotmachine_surroundings_getting_bg_leftright@2x.png */,
				82F42EAF1938B6150056E9E4 /* slotmachine_surroundings_getting_button_back.png */,
				82F42EB01938B6150056E9E4 /* slotmachine_surroundings_getting_button_back@2x.png */,
				829BAF721937BB8000B3F1BF /* slotmachine_surroundings_getting_button_down.png */,
				829BAF731937BB8000B3F1BF /* slotmachine_surroundings_getting_button_down@2x.png */,
				829BAF741937BB8000B3F1BF /* slotmachine_surroundings_getting_button_up.png */,
				829BAF751937BB8000B3F1BF /* slotmachine_surroundings_getting_button_up@2x.png */,
				829BAF761937BB8000B3F1BF /* slotmachine_surroundings_getting_icon_bike.png */,
				829BAF771937BB8000B3F1BF /* slotmachine_surroundings_getting_icon_bike@2x.png */,
				829BAF781937BB8000B3F1BF /* slotmachine_surroundings_getting_icon_car.png */,
				829BAF791937BB8000B3F1BF /* slotmachine_surroundings_getting_icon_car@2x.png */,
				829BAF7A1937BB8000B3F1BF /* slotmachine_surroundings_getting_icon_ferry.png */,
				829BAF7B1937BB8000B3F1BF /* slotmachine_surroundings_getting_icon_ferry@2x.png */,
				829BAF7C1937BB8000B3F1BF /* slotmachine_surroundings_getting_icon_foot.png */,
				829BAF7D1937BB8000B3F1BF /* slotmachine_surroundings_getting_icon_foot@2x.png */,
				829BAF7E1937BB8000B3F1BF /* slotmachine_surroundings_getting_icon_plane.png */,
				829BAF7F1937BB8000B3F1BF /* slotmachine_surroundings_getting_icon_plane@2x.png */,
				829BAF801937BB8000B3F1BF /* slotmachine_surroundings_getting_icon_t.png */,
				829BAF811937BB8000B3F1BF /* slotmachine_surroundings_getting_icon_t@2x.png */,
				829BAF821937BB8000B3F1BF /* slotmachine_surroundings_getting_nav2_bike_icon_off.png */,
				829BAF831937BB8000B3F1BF /* slotmachine_surroundings_getting_nav2_bike_icon_off@2x.png */,
				829BAF841937BB8000B3F1BF /* slotmachine_surroundings_getting_nav2_bike_icon_on.png */,
				829BAF851937BB8000B3F1BF /* slotmachine_surroundings_getting_nav2_bike_icon_on@2x.png */,
				829BAF861937BB8000B3F1BF /* slotmachine_surroundings_getting_nav2_car_icon_off.png */,
				829BAF871937BB8000B3F1BF /* slotmachine_surroundings_getting_nav2_car_icon_off@2x.png */,
				829BAF881937BB8000B3F1BF /* slotmachine_surroundings_getting_nav2_car_icon_on.png */,
				829BAF891937BB8000B3F1BF /* slotmachine_surroundings_getting_nav2_car_icon_on@2x.png */,
				829BAF8A1937BB8000B3F1BF /* slotmachine_surroundings_getting_nav2_ferry_icon_off.png */,
				829BAF8B1937BB8000B3F1BF /* slotmachine_surroundings_getting_nav2_ferry_icon_off@2x.png */,
				829BAF8C1937BB8000B3F1BF /* slotmachine_surroundings_getting_nav2_ferry_icon_on.png */,
				829BAF8D1937BB8000B3F1BF /* slotmachine_surroundings_getting_nav2_ferry_icon_on@2x.png */,
				829BAF8E1937BB8000B3F1BF /* slotmachine_surroundings_getting_nav2_foot_icon_on.png */,
				829BAF8F1937BB8000B3F1BF /* slotmachine_surroundings_getting_nav2_foot_icon_on@2x.png */,
				829BAF901937BB8000B3F1BF /* slotmachine_surroundings_getting_nav2_foot_off.png */,
				829BAF911937BB8000B3F1BF /* slotmachine_surroundings_getting_nav2_foot_off@2x.png */,
				829BAF921937BB8000B3F1BF /* slotmachine_surroundings_getting_nav2_plane_icon_off.png */,
				829BAF931937BB8000B3F1BF /* slotmachine_surroundings_getting_nav2_plane_icon_off@2x.png */,
				829BAF941937BB8000B3F1BF /* slotmachine_surroundings_getting_nav2_plane_icon_on.png */,
				829BAF951937BB8000B3F1BF /* slotmachine_surroundings_getting_nav2_plane_icon_on@2x.png */,
				829BAF961937BB8000B3F1BF /* slotmachine_surroundings_getting_nav2_T_icon_off.png */,
				829BAF971937BB8000B3F1BF /* slotmachine_surroundings_getting_nav2_T_icon_off@2x.png */,
				829BAF981937BB8000B3F1BF /* slotmachine_surroundings_getting_nav2_T_icon_on.png */,
				829BAF991937BB8000B3F1BF /* slotmachine_surroundings_getting_nav2_T_icon_on@2x.png */,
			);
			path = Location;
			sourceTree = "<group>";
		};
		82E209D41912CC3400D7BDEC /* Fenway_Pages */ = {
			isa = PBXGroup;
			children = (
				82E209D51912CC3400D7BDEC /* embBlockViewController.h */,
				82E209D61912CC3400D7BDEC /* embBlockViewController.m */,
				82E209D71912CC3400D7BDEC /* embDrawPath.h */,
				82E209D81912CC3400D7BDEC /* embDrawPath.m */,
				82E209D91912CC3400D7BDEC /* embMorphTwoPaths.h */,
				82E209DA1912CC3400D7BDEC /* embMorphTwoPaths.m */,
				82E209DB1912CC3400D7BDEC /* embOverlayScrollView.h */,
				82E209DC1912CC3400D7BDEC /* embOverlayScrollView.m */,
				82E209DD1912CC3400D7BDEC /* embPVCBaseViewController.h */,
				82E209DE1912CC3400D7BDEC /* embPVCBaseViewController.m */,
				82E209DF1912CC3400D7BDEC /* embPVCModelController.h */,
				82E209E01912CC3400D7BDEC /* embPVCModelController.m */,
				82E209E11912CC3400D7BDEC /* embPVCRootViewController.h */,
				82E209E21912CC3400D7BDEC /* embPVCRootViewController.m */,
				82E209F91912CD0000D7BDEC /* embBezierItem.h */,
				82E209FA1912CD0000D7BDEC /* embBezierItem.m */,
				82E209FB1912CD0000D7BDEC /* embDrawBezierPath.h */,
				82E209FC1912CD0000D7BDEC /* embDrawBezierPath.m */,
				82E209FF1912CD2400D7BDEC /* embFenwayBlockPaths.h */,
				82E20A001912CD2400D7BDEC /* embFenwayBlockPaths.m */,
				82E20A021912CD3C00D7BDEC /* embBezierPathItem.h */,
				82E20A031912CD3C00D7BDEC /* embBezierPathItem.m */,
				82E209E31912CC3400D7BDEC /* Fenway.storyboard */,
				821A46D61919638C00C5CF3D /* Pages */,
				82E209EC1912CC5A00D7BDEC /* Fenway_plists */,
			);
			path = Fenway_Pages;
			sourceTree = "<group>";
		};
		82E209EC1912CC5A00D7BDEC /* Fenway_plists */ = {
			isa = PBXGroup;
			children = (
				82E209ED1912CC5A00D7BDEC /* blockpaths.plist */,
				82E209EE1912CC5A00D7BDEC /* fenway_panel.plist */,
				82E209EF1912CC5A00D7BDEC /* images.plist */,
				82E209F01912CC5A00D7BDEC /* panel_fenway.plist */,
				82E209F11912CC5A00D7BDEC /* panel_images.plist */,
				82E209F21912CC5A00D7BDEC /* titles.plist */,
			);
			path = Fenway_plists;
			sourceTree = "<group>";
		};
/* End PBXGroup section */

/* Begin PBXNativeTarget section */
		826AE92919094DCD006A689B /* xh_slotSlideView */ = {
			isa = PBXNativeTarget;
			buildConfigurationList = 826AE95C19094DCD006A689B /* Build configuration list for PBXNativeTarget "xh_slotSlideView" */;
			buildPhases = (
				826AE92619094DCD006A689B /* Sources */,
				826AE92719094DCD006A689B /* Frameworks */,
				826AE92819094DCD006A689B /* Resources */,
			);
			buildRules = (
			);
			dependencies = (
			);
			name = xh_slotSlideView;
			productName = xh_slotSlideView;
			productReference = 826AE92A19094DCD006A689B /* xh_slotSlideView.app */;
			productType = "com.apple.product-type.application";
		};
		826AE94A19094DCD006A689B /* xh_slotSlideViewTests */ = {
			isa = PBXNativeTarget;
			buildConfigurationList = 826AE95F19094DCD006A689B /* Build configuration list for PBXNativeTarget "xh_slotSlideViewTests" */;
			buildPhases = (
				826AE94719094DCD006A689B /* Sources */,
				826AE94819094DCD006A689B /* Frameworks */,
				826AE94919094DCD006A689B /* Resources */,
			);
			buildRules = (
			);
			dependencies = (
				826AE95119094DCD006A689B /* PBXTargetDependency */,
			);
			name = xh_slotSlideViewTests;
			productName = xh_slotSlideViewTests;
			productReference = 826AE94B19094DCD006A689B /* xh_slotSlideViewTests.xctest */;
			productType = "com.apple.product-type.bundle.unit-test";
		};
/* End PBXNativeTarget section */

/* Begin PBXProject section */
		826AE92219094DCD006A689B /* Project object */ = {
			isa = PBXProject;
			attributes = {
				LastUpgradeCheck = 0510;
				ORGANIZATIONNAME = "Xiaohe Hu";
				TargetAttributes = {
					826AE92919094DCD006A689B = {
						DevelopmentTeam = 9734648496;
					};
					826AE94A19094DCD006A689B = {
						TestTargetID = 826AE92919094DCD006A689B;
					};
				};
			};
			buildConfigurationList = 826AE92519094DCD006A689B /* Build configuration list for PBXProject "xh_slotSlideView" */;
			compatibilityVersion = "Xcode 3.2";
			developmentRegion = English;
			hasScannedForEncodings = 0;
			knownRegions = (
				en,
				Base,
			);
			mainGroup = 826AE92119094DCD006A689B;
			productRefGroup = 826AE92B19094DCD006A689B /* Products */;
			projectDirPath = "";
			projectRoot = "";
			targets = (
				826AE92919094DCD006A689B /* xh_slotSlideView */,
				826AE94A19094DCD006A689B /* xh_slotSlideViewTests */,
			);
		};
/* End PBXProject section */

/* Begin PBXResourcesBuildPhase section */
		826AE92819094DCD006A689B /* Resources */ = {
			isa = PBXResourcesBuildPhase;
			buildActionMask = 2147483647;
			files = (
				82E209EB1912CC3400D7BDEC /* Fenway.storyboard in Resources */,
				826AE94619094DCD006A689B /* Images.xcassets in Resources */,
				820B86CB1937DF370021DFA7 /* byFoot.jpg in Resources */,
				821A47051919638C00C5CF3D /* foot.jpg in Resources */,
				829BAFB61937BB8000B3F1BF /* slotmachine_surroundings_getting_nav2_foot_icon_on.png in Resources */,
				829BAFA71937BB8000B3F1BF /* slotmachine_surroundings_getting_icon_plane@2x.png in Resources */,
				8247BCEB19376E7700A2AB80 /* slotmachine_skanska_360_bg_right.png in Resources */,
				8247BCF219376E7700A2AB80 /* slotmachine_skanska_360_icon_local@2x.png in Resources */,
				829BAF9B1937BB8000B3F1BF /* slotmachine_surroundings_getting_button_down@2x.png in Resources */,
				829BAFAE1937BB8000B3F1BF /* slotmachine_surroundings_getting_nav2_car_icon_off.png in Resources */,
				829BAFBF1937BB8000B3F1BF /* slotmachine_surroundings_getting_nav2_T_icon_off@2x.png in Resources */,
				8247BCEF19376E7700A2AB80 /* slotmachine_skanska_360_button_up.png in Resources */,
				8207877719116CAD00279840 /* slotScroll.plist in Resources */,
				8215D3291937839E007F40B7 /* slotmachine_skanska_360_icon_local_small@2x.png in Resources */,
				829BAFB81937BB8000B3F1BF /* slotmachine_surroundings_getting_nav2_foot_off.png in Resources */,
				820B86C71937DF370021DFA7 /* byBoat.jpg in Resources */,
				829BAFB11937BB8000B3F1BF /* slotmachine_surroundings_getting_nav2_car_icon_on@2x.png in Resources */,
				821A46FC1919638C00C5CF3D /* Boat.jpg in Resources */,
				829BAFB51937BB8000B3F1BF /* slotmachine_surroundings_getting_nav2_ferry_icon_on@2x.png in Resources */,
				8247BCF519376E7700A2AB80 /* slotmachine_skanska_360_icon_world.png in Resources */,
				8247BCE819376E7700A2AB80 /* slotmachine_skanska_360_bg_center@2x.png in Resources */,
				829BAFBE1937BB8000B3F1BF /* slotmachine_surroundings_getting_nav2_T_icon_off.png in Resources */,
				82E209F61912CC5A00D7BDEC /* panel_fenway.plist in Resources */,
				829BAFB91937BB8000B3F1BF /* slotmachine_surroundings_getting_nav2_foot_off@2x.png in Resources */,
				829BAF9D1937BB8000B3F1BF /* slotmachine_surroundings_getting_button_up@2x.png in Resources */,
				82E209F31912CC5A00D7BDEC /* blockpaths.plist in Resources */,
				8247BCF419376E7700A2AB80 /* slotmachine_skanska_360_icon_self@2x.png in Resources */,
				829BAFB41937BB8000B3F1BF /* slotmachine_surroundings_getting_nav2_ferry_icon_on.png in Resources */,
				829BAFAC1937BB8000B3F1BF /* slotmachine_surroundings_getting_nav2_bike_icon_on.png in Resources */,
				820B86CC1937DF370021DFA7 /* byFoot@2x.jpg in Resources */,
				829BAFA81937BB8000B3F1BF /* slotmachine_surroundings_getting_icon_t.png in Resources */,
				8247BCF119376E7700A2AB80 /* slotmachine_skanska_360_icon_local.png in Resources */,
				82E209F71912CC5A00D7BDEC /* panel_images.plist in Resources */,
				829BAFAA1937BB8000B3F1BF /* slotmachine_surroundings_getting_nav2_bike_icon_off.png in Resources */,
				820B86C51937DF370021DFA7 /* byBike.jpg in Resources */,
				829BAFBB1937BB8000B3F1BF /* slotmachine_surroundings_getting_nav2_plane_icon_off@2x.png in Resources */,
				8215D32A1937839E007F40B7 /* slotmachine_skanska_360_icon_local_small.png in Resources */,
				822211A51937C4F5008EFA89 /* foot_dup.jpg in Resources */,
				82F42EC21938C32E0056E9E4 /* T@2x.jpg in Resources */,
				82F42EBE1938C32E0056E9E4 /* car@2x.jpg in Resources */,
				820B86D01937DF370021DFA7 /* byRail@2x.jpg in Resources */,
				821A46F11919638C00C5CF3D /* bike.jpg in Resources */,
				820B86CE1937DF370021DFA7 /* byPlane@2x.jpg in Resources */,
				820B86CA1937DF370021DFA7 /* byCar@2x.jpg in Resources */,
				829BAFAF1937BB8000B3F1BF /* slotmachine_surroundings_getting_nav2_car_icon_off@2x.png in Resources */,
				822211AD1937C9DD008EFA89 /* slotmachine_surroundings_getting_bg_leftright@2x.png in Resources */,
				82E209F81912CC5A00D7BDEC /* titles.plist in Resources */,
				82F42EBD1938C32E0056E9E4 /* car_dup@2x.jpg in Resources */,
				820B86C81937DF370021DFA7 /* byBoat@2x.jpg in Resources */,
				821A46F01919638C00C5CF3D /* car_dup.jpg in Resources */,
				829BAFBC1937BB8000B3F1BF /* slotmachine_surroundings_getting_nav2_plane_icon_on.png in Resources */,
				8247BCEE19376E7700A2AB80 /* slotmachine_skanska_360_button_down@2x.png in Resources */,
				82F42EB11938B61B0056E9E4 /* slotmachine_surroundings_getting_button_back.png in Resources */,
				82E209F51912CC5A00D7BDEC /* images.plist in Resources */,
				829BAF9F1937BB8000B3F1BF /* slotmachine_surroundings_getting_icon_bike@2x.png in Resources */,
				829BAFA61937BB8000B3F1BF /* slotmachine_surroundings_getting_icon_plane.png in Resources */,
				822211AA1937C9DD008EFA89 /* slotmachine_surroundings_getting_bg_center.png in Resources */,
				821A47071919638C00C5CF3D /* car.jpg in Resources */,
				82F42EC01938C32E0056E9E4 /* foot@2x.jpg in Resources */,
				829BAFA11937BB8000B3F1BF /* slotmachine_surroundings_getting_icon_car@2x.png in Resources */,
				820B86CF1937DF370021DFA7 /* byRail.jpg in Resources */,
				8247BCED19376E7700A2AB80 /* slotmachine_skanska_360_button_down.png in Resources */,
				826AE93819094DCD006A689B /* InfoPlist.strings in Resources */,
				829BAFB31937BB8000B3F1BF /* slotmachine_surroundings_getting_nav2_ferry_icon_off@2x.png in Resources */,
				829BAF0A1937A89600B3F1BF /* grfx_location_slot_bg.jpg in Resources */,
				829BAF0B1937A89600B3F1BF /* grfx_location_slot_bg@2x.jpg in Resources */,
				82B0917F1936311C0083B151 /* slotUIView.plist in Resources */,
				822211AB1937C9DD008EFA89 /* slotmachine_surroundings_getting_bg_center@2x.png in Resources */,
				820B86C91937DF370021DFA7 /* byCar.jpg in Resources */,
				829BAFA91937BB8000B3F1BF /* slotmachine_surroundings_getting_icon_t@2x.png in Resources */,
				829BAFB01937BB8000B3F1BF /* slotmachine_surroundings_getting_nav2_car_icon_on.png in Resources */,
				829BAFA21937BB8000B3F1BF /* slotmachine_surroundings_getting_icon_ferry.png in Resources */,
				8247BCEA19376E7700A2AB80 /* slotmachine_skanska_360_bg_left@2x.png in Resources */,
				826AE96A190963A6006A689B /* pdf_tmp.jpg in Resources */,
				82F42EBF1938C32E0056E9E4 /* foot_dup@2x.jpg in Resources */,
				822211AC1937C9DD008EFA89 /* slotmachine_surroundings_getting_bg_leftright.png in Resources */,
				829BAFA51937BB8000B3F1BF /* slotmachine_surroundings_getting_icon_foot@2x.png in Resources */,
				829BAFA41937BB8000B3F1BF /* slotmachine_surroundings_getting_icon_foot.png in Resources */,
				820B86CD1937DF370021DFA7 /* byPlane.jpg in Resources */,
				82E209F41912CC5A00D7BDEC /* fenway_panel.plist in Resources */,
				829BAFAD1937BB8000B3F1BF /* slotmachine_surroundings_getting_nav2_bike_icon_on@2x.png in Resources */,
				829BAFB21937BB8000B3F1BF /* slotmachine_surroundings_getting_nav2_ferry_icon_off.png in Resources */,
				82F42EBB1938C32E0056E9E4 /* bike@2x.jpg in Resources */,
				82F42EBC1938C32E0056E9E4 /* Boat@2x.jpg in Resources */,
				82C352A6192D3747005D0D3A /* movie_tmp.jpg in Resources */,
				826AE94119094DCD006A689B /* Main.storyboard in Resources */,
				821A46FB1919638C00C5CF3D /* plane.jpg in Resources */,
				829BAFA31937BB8000B3F1BF /* slotmachine_surroundings_getting_icon_ferry@2x.png in Resources */,
				829BAFBD1937BB8000B3F1BF /* slotmachine_surroundings_getting_nav2_plane_icon_on@2x.png in Resources */,
				829BAFA01937BB8000B3F1BF /* slotmachine_surroundings_getting_icon_car.png in Resources */,
				829BAFC11937BB8000B3F1BF /* slotmachine_surroundings_getting_nav2_T_icon_on@2x.png in Resources */,
				829BAFAB1937BB8000B3F1BF /* slotmachine_surroundings_getting_nav2_bike_icon_off@2x.png in Resources */,
				8247BCE719376E7700A2AB80 /* slotmachine_skanska_360_bg_center.png in Resources */,
				8247BCF619376E7700A2AB80 /* slotmachine_skanska_360_icon_world@2x.png in Resources */,
				82F42EB21938B61D0056E9E4 /* slotmachine_surroundings_getting_button_back@2x.png in Resources */,
				826AE968190963A6006A689B /* fpo_tmp.jpg in Resources */,
				820B86C61937DF370021DFA7 /* byBike@2x.jpg in Resources */,
				8247BCEC19376E7700A2AB80 /* slotmachine_skanska_360_bg_right@2x.png in Resources */,
				82F42EC11938C32E0056E9E4 /* plane@2x.jpg in Resources */,
				829BAFB71937BB8000B3F1BF /* slotmachine_surroundings_getting_nav2_foot_icon_on@2x.png in Resources */,
				829BAF9E1937BB8000B3F1BF /* slotmachine_surroundings_getting_icon_bike.png in Resources */,
				829BAF9C1937BB8000B3F1BF /* slotmachine_surroundings_getting_button_up.png in Resources */,
				8247BCE919376E7700A2AB80 /* slotmachine_skanska_360_bg_left.png in Resources */,
				8247BCF019376E7700A2AB80 /* slotmachine_skanska_360_button_up@2x.png in Resources */,
				829BAFBA1937BB8000B3F1BF /* slotmachine_surroundings_getting_nav2_plane_icon_off.png in Resources */,
				8247BCF319376E7700A2AB80 /* slotmachine_skanska_360_icon_self.png in Resources */,
				828CFAC7191BDF0B009888D7 /* T.jpg in Resources */,
				829BAF9A1937BB8000B3F1BF /* slotmachine_surroundings_getting_button_down.png in Resources */,
				829BAFC01937BB8000B3F1BF /* slotmachine_surroundings_getting_nav2_T_icon_on.png in Resources */,
			);
			runOnlyForDeploymentPostprocessing = 0;
		};
		826AE94919094DCD006A689B /* Resources */ = {
			isa = PBXResourcesBuildPhase;
			buildActionMask = 2147483647;
			files = (
				826AE95719094DCD006A689B /* InfoPlist.strings in Resources */,
			);
			runOnlyForDeploymentPostprocessing = 0;
		};
/* End PBXResourcesBuildPhase section */

/* Begin PBXSourcesBuildPhase section */
		826AE92619094DCD006A689B /* Sources */ = {
			isa = PBXSourcesBuildPhase;
			buildActionMask = 2147483647;
			files = (
				826AE94419094DCD006A689B /* ViewController.m in Sources */,
				82E209E71912CC3400D7BDEC /* embOverlayScrollView.m in Sources */,
				82E209E61912CC3400D7BDEC /* embMorphTwoPaths.m in Sources */,
				826AE96419095254006A689B /* xh_slotScrollView.m in Sources */,
				826AE93E19094DCD006A689B /* AppDelegate.m in Sources */,
				82B09185193639880083B151 /* locationViewController.m in Sources */,
				82E20A041912CD3C00D7BDEC /* embBezierPathItem.m in Sources */,
				82E209FE1912CD0000D7BDEC /* embDrawBezierPath.m in Sources */,
				82E209E41912CC3400D7BDEC /* embBlockViewController.m in Sources */,
				82B0917D19362C220083B151 /* xh_slotUIView.m in Sources */,
				82E209E91912CC3400D7BDEC /* embPVCModelController.m in Sources */,
				82B09182193639780083B151 /* skaskaViewController.m in Sources */,
				826AE93A19094DCD006A689B /* main.m in Sources */,
				82E209E51912CC3400D7BDEC /* embDrawPath.m in Sources */,
				82E209E81912CC3400D7BDEC /* embPVCBaseViewController.m in Sources */,
				824C246E192CE5760070A6AC /* menuWithIndicator.m in Sources */,
				82E209FD1912CD0000D7BDEC /* embBezierItem.m in Sources */,
				82E209EA1912CC3400D7BDEC /* embPVCRootViewController.m in Sources */,
				82E20A011912CD2400D7BDEC /* embFenwayBlockPaths.m in Sources */,
				8207952C193F7422002DEEDE /* UIColor+Extensions.m in Sources */,
			);
			runOnlyForDeploymentPostprocessing = 0;
		};
		826AE94719094DCD006A689B /* Sources */ = {
			isa = PBXSourcesBuildPhase;
			buildActionMask = 2147483647;
			files = (
				826AE95919094DCD006A689B /* xh_slotSlideViewTests.m in Sources */,
			);
			runOnlyForDeploymentPostprocessing = 0;
		};
/* End PBXSourcesBuildPhase section */

/* Begin PBXTargetDependency section */
		826AE95119094DCD006A689B /* PBXTargetDependency */ = {
			isa = PBXTargetDependency;
			target = 826AE92919094DCD006A689B /* xh_slotSlideView */;
			targetProxy = 826AE95019094DCD006A689B /* PBXContainerItemProxy */;
		};
/* End PBXTargetDependency section */

/* Begin PBXVariantGroup section */
		826AE93619094DCD006A689B /* InfoPlist.strings */ = {
			isa = PBXVariantGroup;
			children = (
				826AE93719094DCD006A689B /* en */,
			);
			name = InfoPlist.strings;
			sourceTree = "<group>";
		};
		826AE93F19094DCD006A689B /* Main.storyboard */ = {
			isa = PBXVariantGroup;
			children = (
				826AE94019094DCD006A689B /* Base */,
			);
			name = Main.storyboard;
			sourceTree = "<group>";
		};
		826AE95519094DCD006A689B /* InfoPlist.strings */ = {
			isa = PBXVariantGroup;
			children = (
				826AE95619094DCD006A689B /* en */,
			);
			name = InfoPlist.strings;
			sourceTree = "<group>";
		};
/* End PBXVariantGroup section */

/* Begin XCBuildConfiguration section */
		826AE95A19094DCD006A689B /* Debug */ = {
			isa = XCBuildConfiguration;
			buildSettings = {
				ALWAYS_SEARCH_USER_PATHS = NO;
				CLANG_CXX_LANGUAGE_STANDARD = "gnu++0x";
				CLANG_CXX_LIBRARY = "libc++";
				CLANG_ENABLE_MODULES = YES;
				CLANG_ENABLE_OBJC_ARC = YES;
				CLANG_WARN_BOOL_CONVERSION = YES;
				CLANG_WARN_CONSTANT_CONVERSION = YES;
				CLANG_WARN_DIRECT_OBJC_ISA_USAGE = YES_ERROR;
				CLANG_WARN_EMPTY_BODY = YES;
				CLANG_WARN_ENUM_CONVERSION = YES;
				CLANG_WARN_INT_CONVERSION = YES;
				CLANG_WARN_OBJC_ROOT_CLASS = YES_ERROR;
				CLANG_WARN__DUPLICATE_METHOD_MATCH = YES;
				"CODE_SIGN_IDENTITY[sdk=iphoneos*]" = "iPhone Developer";
				COPY_PHASE_STRIP = NO;
				GCC_C_LANGUAGE_STANDARD = gnu99;
				GCC_DYNAMIC_NO_PIC = NO;
				GCC_OPTIMIZATION_LEVEL = 0;
				GCC_PREPROCESSOR_DEFINITIONS = (
					"DEBUG=1",
					"$(inherited)",
				);
				GCC_SYMBOLS_PRIVATE_EXTERN = NO;
				GCC_WARN_64_TO_32_BIT_CONVERSION = YES;
				GCC_WARN_ABOUT_RETURN_TYPE = YES_ERROR;
				GCC_WARN_UNDECLARED_SELECTOR = YES;
				GCC_WARN_UNINITIALIZED_AUTOS = YES_AGGRESSIVE;
				GCC_WARN_UNUSED_FUNCTION = YES;
				GCC_WARN_UNUSED_VARIABLE = YES;
				IPHONEOS_DEPLOYMENT_TARGET = 7.1;
				ONLY_ACTIVE_ARCH = YES;
				SDKROOT = iphoneos;
				TARGETED_DEVICE_FAMILY = 2;
			};
			name = Debug;
		};
		826AE95B19094DCD006A689B /* Release */ = {
			isa = XCBuildConfiguration;
			buildSettings = {
				ALWAYS_SEARCH_USER_PATHS = NO;
				CLANG_CXX_LANGUAGE_STANDARD = "gnu++0x";
				CLANG_CXX_LIBRARY = "libc++";
				CLANG_ENABLE_MODULES = YES;
				CLANG_ENABLE_OBJC_ARC = YES;
				CLANG_WARN_BOOL_CONVERSION = YES;
				CLANG_WARN_CONSTANT_CONVERSION = YES;
				CLANG_WARN_DIRECT_OBJC_ISA_USAGE = YES_ERROR;
				CLANG_WARN_EMPTY_BODY = YES;
				CLANG_WARN_ENUM_CONVERSION = YES;
				CLANG_WARN_INT_CONVERSION = YES;
				CLANG_WARN_OBJC_ROOT_CLASS = YES_ERROR;
				CLANG_WARN__DUPLICATE_METHOD_MATCH = YES;
				CODE_SIGN_IDENTITY = "iPhone Distribution: Neoscape, Incorporated";
				"CODE_SIGN_IDENTITY[sdk=iphoneos*]" = "iPhone Distribution: Neoscape, Incorporated";
				COPY_PHASE_STRIP = YES;
				ENABLE_NS_ASSERTIONS = NO;
				GCC_C_LANGUAGE_STANDARD = gnu99;
				GCC_WARN_64_TO_32_BIT_CONVERSION = YES;
				GCC_WARN_ABOUT_RETURN_TYPE = YES_ERROR;
				GCC_WARN_UNDECLARED_SELECTOR = YES;
				GCC_WARN_UNINITIALIZED_AUTOS = YES_AGGRESSIVE;
				GCC_WARN_UNUSED_FUNCTION = YES;
				GCC_WARN_UNUSED_VARIABLE = YES;
				IPHONEOS_DEPLOYMENT_TARGET = 7.1;
				PROVISIONING_PROFILE = "5DA75D41-A3E9-4CA0-84FE-F76E92D6BFA0";
				SDKROOT = iphoneos;
				TARGETED_DEVICE_FAMILY = 2;
				VALIDATE_PRODUCT = YES;
			};
			name = Release;
		};
		826AE95D19094DCD006A689B /* Debug */ = {
			isa = XCBuildConfiguration;
			buildSettings = {
				ASSETCATALOG_COMPILER_APPICON_NAME = AppIcon;
				ASSETCATALOG_COMPILER_LAUNCHIMAGE_NAME = LaunchImage;
				CODE_SIGN_IDENTITY = "iPhone Developer";
				GCC_PRECOMPILE_PREFIX_HEADER = YES;
				GCC_PREFIX_HEADER = "xh_slotSlideView/xh_slotSlideView-Prefix.pch";
				INFOPLIST_FILE = "xh_slotSlideView/xh_slotSlideView-Info.plist";
				IPHONEOS_DEPLOYMENT_TARGET = 6.1;
				PRODUCT_NAME = "$(TARGET_NAME)";
				WRAPPER_EXTENSION = app;
			};
			name = Debug;
		};
		826AE95E19094DCD006A689B /* Release */ = {
			isa = XCBuildConfiguration;
			buildSettings = {
				ASSETCATALOG_COMPILER_APPICON_NAME = AppIcon;
				ASSETCATALOG_COMPILER_LAUNCHIMAGE_NAME = LaunchImage;
				CODE_SIGN_IDENTITY = "iPhone Developer";
				"CODE_SIGN_IDENTITY[sdk=iphoneos*]" = "iPhone Distribution: Neoscape, Incorporated";
				GCC_PRECOMPILE_PREFIX_HEADER = YES;
				GCC_PREFIX_HEADER = "xh_slotSlideView/xh_slotSlideView-Prefix.pch";
				INFOPLIST_FILE = "xh_slotSlideView/xh_slotSlideView-Info.plist";
				IPHONEOS_DEPLOYMENT_TARGET = 6.1;
				PRODUCT_NAME = "$(TARGET_NAME)";
				WRAPPER_EXTENSION = app;
			};
			name = Release;
		};
		826AE96019094DCD006A689B /* Debug */ = {
			isa = XCBuildConfiguration;
			buildSettings = {
				BUNDLE_LOADER = "$(BUILT_PRODUCTS_DIR)/xh_slotSlideView.app/xh_slotSlideView";
				FRAMEWORK_SEARCH_PATHS = (
					"$(SDKROOT)/Developer/Library/Frameworks",
					"$(inherited)",
					"$(DEVELOPER_FRAMEWORKS_DIR)",
				);
				GCC_PRECOMPILE_PREFIX_HEADER = YES;
				GCC_PREFIX_HEADER = "xh_slotSlideView/xh_slotSlideView-Prefix.pch";
				GCC_PREPROCESSOR_DEFINITIONS = (
					"DEBUG=1",
					"$(inherited)",
				);
				INFOPLIST_FILE = "xh_slotSlideViewTests/xh_slotSlideViewTests-Info.plist";
				PRODUCT_NAME = "$(TARGET_NAME)";
				TEST_HOST = "$(BUNDLE_LOADER)";
				WRAPPER_EXTENSION = xctest;
			};
			name = Debug;
		};
		826AE96119094DCD006A689B /* Release */ = {
			isa = XCBuildConfiguration;
			buildSettings = {
				BUNDLE_LOADER = "$(BUILT_PRODUCTS_DIR)/xh_slotSlideView.app/xh_slotSlideView";
				FRAMEWORK_SEARCH_PATHS = (
					"$(SDKROOT)/Developer/Library/Frameworks",
					"$(inherited)",
					"$(DEVELOPER_FRAMEWORKS_DIR)",
				);
				GCC_PRECOMPILE_PREFIX_HEADER = YES;
				GCC_PREFIX_HEADER = "xh_slotSlideView/xh_slotSlideView-Prefix.pch";
				INFOPLIST_FILE = "xh_slotSlideViewTests/xh_slotSlideViewTests-Info.plist";
				PRODUCT_NAME = "$(TARGET_NAME)";
				TEST_HOST = "$(BUNDLE_LOADER)";
				WRAPPER_EXTENSION = xctest;
			};
			name = Release;
		};
/* End XCBuildConfiguration section */

/* Begin XCConfigurationList section */
		826AE92519094DCD006A689B /* Build configuration list for PBXProject "xh_slotSlideView" */ = {
			isa = XCConfigurationList;
			buildConfigurations = (
				826AE95A19094DCD006A689B /* Debug */,
				826AE95B19094DCD006A689B /* Release */,
			);
			defaultConfigurationIsVisible = 0;
			defaultConfigurationName = Release;
		};
		826AE95C19094DCD006A689B /* Build configuration list for PBXNativeTarget "xh_slotSlideView" */ = {
			isa = XCConfigurationList;
			buildConfigurations = (
				826AE95D19094DCD006A689B /* Debug */,
				826AE95E19094DCD006A689B /* Release */,
			);
			defaultConfigurationIsVisible = 0;
			defaultConfigurationName = Release;
		};
		826AE95F19094DCD006A689B /* Build configuration list for PBXNativeTarget "xh_slotSlideViewTests" */ = {
			isa = XCConfigurationList;
			buildConfigurations = (
				826AE96019094DCD006A689B /* Debug */,
				826AE96119094DCD006A689B /* Release */,
			);
			defaultConfigurationIsVisible = 0;
			defaultConfigurationName = Release;
		};
/* End XCConfigurationList section */
	};
	rootObject = 826AE92219094DCD006A689B /* Project object */;
}
